
Microsoft Visual Studio Solution File, Format Version 12.00
# Visual Studio Version 16
VisualStudioVersion = 16.0.30804.86
MinimumVisualStudioVersion = 10.0.40219.1
Project("{9A19103F-16F7-4668-BE54-9A1E7A4F7556}") = "ConsoleApp1", "ConsoleApp1\ConsoleApp1.csproj", "{4C9192E5-2E75-4498-B454-49B246A582A5}"
EndProject
Project("{9A19103F-16F7-4668-BE54-9A1E7A4F7556}") = "ex01", "Chapter2-1\ex01.csproj", "{8DBFD642-1157-4EC9-B08D-865877CDAAB3}"
EndProject
Project("{9A19103F-16F7-4668-BE54-9A1E7A4F7556}") = "Ex02", "Ex02\Ex02.csproj", "{D24AF0A1-23D1-4465-8C88-0AA2AF52D6B1}"
EndProject
Project("{9A19103F-16F7-4668-BE54-9A1E7A4F7556}") = "ex03", "ex03\ex03.csproj", "{A25D9388-0046-4237-8A24-CBB82B8F7225}"
EndProject
Project("{9A19103F-16F7-4668-BE54-9A1E7A4F7556}") = "Ex01_ex", "Ex01_ex\Ex01_ex.csproj", "{17FC8A7F-4ADA-45B0-B4CA-01C5FC6199D2}"
EndProject
Project("{9A19103F-16F7-4668-BE54-9A1E7A4F7556}") = "WriteSample", "WriteSample\WriteSample.csproj", "{0A6E6090-287F-4935-BF08-FC503D55FEB4}"
EndProject
Project("{9A19103F-16F7-4668-BE54-9A1E7A4F7556}") = "ex04", "ex04\ex04.csproj", "{0B43A2A7-77CA-40EF-9C84-DB0BB2F85A67}"
EndProject
Project("{9A19103F-16F7-4668-BE54-9A1E7A4F7556}") = "ex04_ex", "ex04_ex\ex04_ex.csproj", "{AB5837EC-B944-4D17-BA80-A9A733A43497}"
EndProject
Project("{9A19103F-16F7-4668-BE54-9A1E7A4F7556}") = "ex05", "ex05\ex05.csproj", "{867DDE09-88E6-4A1F-8EE1-F9237AE7314B}"
EndProject
Project("{9A19103F-16F7-4668-BE54-9A1E7A4F7556}") = "ex07", "ex07\ex07.csproj", "{01D8D6AD-29C1-4DD1-BB54-CBDC55BBBCFA}"
EndProject
Project("{FAE04EC0-301F-11D3-BF4B-00C04F79EFBC}") = "ex5_ex2", "ex5_ex2\ex5_ex2.csproj", "{2FDB9F6E-39D6-4CEF-B59D-E183D5836572}"
EndProject
Project("{FAE04EC0-301F-11D3-BF4B-00C04F79EFBC}") = "ex5_ex3", "ex5_ex3\ex5_ex3.csproj", "{ABD5278C-6F6E-4FF0-B697-413A93737194}"
EndProject
Project("{FAE04EC0-301F-11D3-BF4B-00C04F79EFBC}") = "ex5_ex4", "ex5_ex4\ex5_ex4.csproj", "{8CAECD69-604E-4B93-8F9A-6DA80363CBC4}"
EndProject
Project("{FAE04EC0-301F-11D3-BF4B-00C04F79EFBC}") = "ex06", "ex06\ex06.csproj", "{F36A5DDB-8AC5-47A3-9DC3-DBA8FEBF897F}"
EndProject
Global
	GlobalSection(SolutionConfigurationPlatforms) = preSolution
		Debug|Any CPU = Debug|Any CPU
		Release|Any CPU = Release|Any CPU
	EndGlobalSection
	GlobalSection(ProjectConfigurationPlatforms) = postSolution
		{4C9192E5-2E75-4498-B454-49B246A582A5}.Debug|Any CPU.ActiveCfg = Debug|Any CPU
		{4C9192E5-2E75-4498-B454-49B246A582A5}.Debug|Any CPU.Build.0 = Debug|Any CPU
		{4C9192E5-2E75-4498-B454-49B246A582A5}.Release|Any CPU.ActiveCfg = Release|Any CPU
		{4C9192E5-2E75-4498-B454-49B246A582A5}.Release|Any CPU.Build.0 = Release|Any CPU
		{8DBFD642-1157-4EC9-B08D-865877CDAAB3}.Debug|Any CPU.ActiveCfg = Debug|Any CPU
		{8DBFD642-1157-4EC9-B08D-865877CDAAB3}.Debug|Any CPU.Build.0 = Debug|Any CPU
		{8DBFD642-1157-4EC9-B08D-865877CDAAB3}.Release|Any CPU.ActiveCfg = Release|Any CPU
		{8DBFD642-1157-4EC9-B08D-865877CDAAB3}.Release|Any CPU.Build.0 = Release|Any CPU
		{D24AF0A1-23D1-4465-8C88-0AA2AF52D6B1}.Debug|Any CPU.ActiveCfg = Debug|Any CPU
		{D24AF0A1-23D1-4465-8C88-0AA2AF52D6B1}.Debug|Any CPU.Build.0 = Debug|Any CPU
		{D24AF0A1-23D1-4465-8C88-0AA2AF52D6B1}.Release|Any CPU.ActiveCfg = Release|Any CPU
		{D24AF0A1-23D1-4465-8C88-0AA2AF52D6B1}.Release|Any CPU.Build.0 = Release|Any CPU
		{A25D9388-0046-4237-8A24-CBB82B8F7225}.Debug|Any CPU.ActiveCfg = Debug|Any CPU
		{A25D9388-0046-4237-8A24-CBB82B8F7225}.Debug|Any CPU.Build.0 = Debug|Any CPU
		{A25D9388-0046-4237-8A24-CBB82B8F7225}.Release|Any CPU.ActiveCfg = Release|Any CPU
		{A25D9388-0046-4237-8A24-CBB82B8F7225}.Release|Any CPU.Build.0 = Release|Any CPU
		{17FC8A7F-4ADA-45B0-B4CA-01C5FC6199D2}.Debug|Any CPU.ActiveCfg = Debug|Any CPU
		{17FC8A7F-4ADA-45B0-B4CA-01C5FC6199D2}.Debug|Any CPU.Build.0 = Debug|Any CPU
		{17FC8A7F-4ADA-45B0-B4CA-01C5FC6199D2}.Release|Any CPU.ActiveCfg = Release|Any CPU
		{17FC8A7F-4ADA-45B0-B4CA-01C5FC6199D2}.Release|Any CPU.Build.0 = Release|Any CPU
		{0A6E6090-287F-4935-BF08-FC503D55FEB4}.Debug|Any CPU.ActiveCfg = Debug|Any CPU
		{0A6E6090-287F-4935-BF08-FC503D55FEB4}.Debug|Any CPU.Build.0 = Debug|Any CPU
		{0A6E6090-287F-4935-BF08-FC503D55FEB4}.Release|Any CPU.ActiveCfg = Release|Any CPU
		{0A6E6090-287F-4935-BF08-FC503D55FEB4}.Release|Any CPU.Build.0 = Release|Any CPU
		{0B43A2A7-77CA-40EF-9C84-DB0BB2F85A67}.Debug|Any CPU.ActiveCfg = Debug|Any CPU
		{0B43A2A7-77CA-40EF-9C84-DB0BB2F85A67}.Debug|Any CPU.Build.0 = Debug|Any CPU
		{0B43A2A7-77CA-40EF-9C84-DB0BB2F85A67}.Release|Any CPU.ActiveCfg = Release|Any CPU
		{0B43A2A7-77CA-40EF-9C84-DB0BB2F85A67}.Release|Any CPU.Build.0 = Release|Any CPU
		{AB5837EC-B944-4D17-BA80-A9A733A43497}.Debug|Any CPU.ActiveCfg = Debug|Any CPU
		{AB5837EC-B944-4D17-BA80-A9A733A43497}.Debug|Any CPU.Build.0 = Debug|Any CPU
		{AB5837EC-B944-4D17-BA80-A9A733A43497}.Release|Any CPU.ActiveCfg = Release|Any CPU
		{AB5837EC-B944-4D17-BA80-A9A733A43497}.Release|Any CPU.Build.0 = Release|Any CPU
		{867DDE09-88E6-4A1F-8EE1-F9237AE7314B}.Debug|Any CPU.ActiveCfg = Debug|Any CPU
		{867DDE09-88E6-4A1F-8EE1-F9237AE7314B}.Debug|Any CPU.Build.0 = Debug|Any CPU
		{867DDE09-88E6-4A1F-8EE1-F9237AE7314B}.Release|Any CPU.ActiveCfg = Release|Any CPU
		{867DDE09-88E6-4A1F-8EE1-F9237AE7314B}.Release|Any CPU.Build.0 = Release|Any CPU
		{01D8D6AD-29C1-4DD1-BB54-CBDC55BBBCFA}.Debug|Any CPU.ActiveCfg = Debug|Any CPU
		{01D8D6AD-29C1-4DD1-BB54-CBDC55BBBCFA}.Debug|Any CPU.Build.0 = Debug|Any CPU
		{01D8D6AD-29C1-4DD1-BB54-CBDC55BBBCFA}.Release|Any CPU.ActiveCfg = Release|Any CPU
		{01D8D6AD-29C1-4DD1-BB54-CBDC55BBBCFA}.Release|Any CPU.Build.0 = Release|Any CPU
		{2FDB9F6E-39D6-4CEF-B59D-E183D5836572}.Debug|Any CPU.ActiveCfg = Debug|Any CPU
		{2FDB9F6E-39D6-4CEF-B59D-E183D5836572}.Debug|Any CPU.Build.0 = Debug|Any CPU
		{2FDB9F6E-39D6-4CEF-B59D-E183D5836572}.Release|Any CPU.ActiveCfg = Release|Any CPU
		{2FDB9F6E-39D6-4CEF-B59D-E183D5836572}.Release|Any CPU.Build.0 = Release|Any CPU
		{ABD5278C-6F6E-4FF0-B697-413A93737194}.Debug|Any CPU.ActiveCfg = Debug|Any CPU
		{ABD5278C-6F6E-4FF0-B697-413A93737194}.Debug|Any CPU.Build.0 = Debug|Any CPU
		{ABD5278C-6F6E-4FF0-B697-413A93737194}.Release|Any CPU.ActiveCfg = Release|Any CPU
		{ABD5278C-6F6E-4FF0-B697-413A93737194}.Release|Any CPU.Build.0 = Release|Any CPU
		{8CAECD69-604E-4B93-8F9A-6DA80363CBC4}.Debug|Any CPU.ActiveCfg = Debug|Any CPU
		{8CAECD69-604E-4B93-8F9A-6DA80363CBC4}.Debug|Any CPU.Build.0 = Debug|Any CPU
		{8CAECD69-604E-4B93-8F9A-6DA80363CBC4}.Release|Any CPU.ActiveCfg = Release|Any CPU
		{8CAECD69-604E-4B93-8F9A-6DA80363CBC4}.Release|Any CPU.Build.0 = Release|Any CPU
		{F36A5DDB-8AC5-47A3-9DC3-DBA8FEBF897F}.Debug|Any CPU.ActiveCfg = Debug|Any CPU
		{F36A5DDB-8AC5-47A3-9DC3-DBA8FEBF897F}.Debug|Any CPU.Build.0 = Debug|Any CPU
		{F36A5DDB-8AC5-47A3-9DC3-DBA8FEBF897F}.Release|Any CPU.ActiveCfg = Release|Any CPU
		{F36A5DDB-8AC5-47A3-9DC3-DBA8FEBF897F}.Release|Any CPU.Build.0 = Release|Any CPU
	EndGlobalSection
	GlobalSection(SolutionProperties) = preSolution
		HideSolutionNode = FALSE
	EndGlobalSection
	GlobalSection(ExtensibilityGlobals) = postSolution
		SolutionGuid = {C75E82A8-E056-4617-BAEB-1693DAC16EFF}
	EndGlobalSection
EndGlobal
