
Microsoft Visual Studio Solution File, Format Version 12.00
# Visual Studio Version 16
VisualStudioVersion = 16.0.30804.86
MinimumVisualStudioVersion = 10.0.40219.1
Project("{9A19103F-16F7-4668-BE54-9A1E7A4F7556}") = "ConsoleApp1", "ConsoleApp1\ConsoleApp1.csproj", "{4C9192E5-2E75-4498-B454-49B246A582A5}"
EndProject
Project("{9A19103F-16F7-4668-BE54-9A1E7A4F7556}") = "ex01", "Chapter2-1\ex01.csproj", "{8DBFD642-1157-4EC9-B08D-865877CDAAB3}"
EndProject
Project("{9A19103F-16F7-4668-BE54-9A1E7A4F7556}") = "Ex02", "Ex02\Ex02.csproj", "{D24AF0A1-23D1-4465-8C88-0AA2AF52D6B1}"
EndProject
Project("{9A19103F-16F7-4668-BE54-9A1E7A4F7556}") = "ex03", "ex03\ex03.csproj", "{A25D9388-0046-4237-8A24-CBB82B8F7225}"
EndProject
Project("{9A19103F-16F7-4668-BE54-9A1E7A4F7556}") = "Ex01_ex", "Ex01_ex\Ex01_ex.csproj", "{17FC8A7F-4ADA-45B0-B4CA-01C5FC6199D2}"
EndProject
Project("{9A19103F-16F7-4668-BE54-9A1E7A4F7556}") = "WriteSample", "WriteSample\WriteSample.csproj", "{0A6E6090-287F-4935-BF08-FC503D55FEB4}"
EndProject
Project("{9A19103F-16F7-4668-BE54-9A1E7A4F7556}") = "ex04", "ex04\ex04.csproj", "{0B43A2A7-77CA-40EF-9C84-DB0BB2F85A67}"
EndProject
Project("{9A19103F-16F7-4668-BE54-9A1E7A4F7556}") = "ex04_ex", "ex04_ex\ex04_ex.csproj", "{AB5837EC-B944-4D17-BA80-A9A733A43497}"
EndProject
Project("{9A19103F-16F7-4668-BE54-9A1E7A4F7556}") = "ex05", "ex05\ex05.csproj", "{867DDE09-88E6-4A1F-8EE1-F9237AE7314B}"
EndProject
Project("{9A19103F-16F7-4668-BE54-9A1E7A4F7556}") = "ex07", "ex07\ex07.csproj", "{01D8D6AD-29C1-4DD1-BB54-CBDC55BBBCFA}"
EndProject
Project("{9A19103F-16F7-4668-BE54-9A1E7A4F7556}") = "ex5_ex2", "ex5_ex2\ex5_ex2.csproj", "{2FDB9F6E-39D6-4CEF-B59D-E183D5836572}"
EndProject
Project("{9A19103F-16F7-4668-BE54-9A1E7A4F7556}") = "ex5_ex3", "ex5_ex3\ex5_ex3.csproj", "{ABD5278C-6F6E-4FF0-B697-413A93737194}"
EndProject
Project("{9A19103F-16F7-4668-BE54-9A1E7A4F7556}") = "ex5_ex4", "ex5_ex4\ex5_ex4.csproj", "{8CAECD69-604E-4B93-8F9A-6DA80363CBC4}"
EndProject
Project("{9A19103F-16F7-4668-BE54-9A1E7A4F7556}") = "ex06", "ex06\ex06.csproj", "{F36A5DDB-8AC5-47A3-9DC3-DBA8FEBF897F}"
EndProject
Project("{9A19103F-16F7-4668-BE54-9A1E7A4F7556}") = "ex09", "ex09\ex09.csproj", "{5067EFB4-26C9-4D91-AD89-358C82C53BC9}"
EndProject
Project("{9A19103F-16F7-4668-BE54-9A1E7A4F7556}") = "ex08", "ex08\ex08.csproj", "{8B5DC046-D2E6-46B8-8314-AA128F3B7784}"
EndProject
Project("{9A19103F-16F7-4668-BE54-9A1E7A4F7556}") = "ex08_watanabe", "ex08_watanabe\ex08_watanabe.csproj", "{399610F0-7C1D-4BE0-9AF9-B154B91011C9}"
EndProject
Project("{9A19103F-16F7-4668-BE54-9A1E7A4F7556}") = "ex08_ex2", "ex08_ex2\ex08_ex2.csproj", "{B29C27D0-3AF1-4349-9455-26753B00F752}"
EndProject
Project("{9A19103F-16F7-4668-BE54-9A1E7A4F7556}") = "ex08_ex3", "ex08_ex3\ex08_ex3.csproj", "{FF42A79E-048E-43E5-887C-1CCCD4542413}"
EndProject
Project("{9A19103F-16F7-4668-BE54-9A1E7A4F7556}") = "ex08_ex4", "ex08_ex4\ex08_ex4.csproj", "{5A01E72D-1615-4038-B947-A7EB52C628F2}"
EndProject
Project("{9A19103F-16F7-4668-BE54-9A1E7A4F7556}") = "ex09_kurosu", "ex09_kurosu\ex09_kurosu.csproj", "{B9A18022-5BEE-40CA-A020-36488421DF94}"
EndProject
Project("{9A19103F-16F7-4668-BE54-9A1E7A4F7556}") = "ex09_iisawa", "ex09_iisawa\ex09_iisawa.csproj", "{1392B18B-EA4D-44D6-9118-AF74F70ED6C0}"
EndProject
Project("{9A19103F-16F7-4668-BE54-9A1E7A4F7556}") = "ex09_ex2", "ex09_ex2\ex09_ex2.csproj", "{1EFA3599-49A1-4E62-89CA-8F93DE57EBAE}"
EndProject
Project("{9A19103F-16F7-4668-BE54-9A1E7A4F7556}") = "ex09_ex3", "ex09_ex3\ex09_ex3.csproj", "{584638A0-334A-4F35-935F-46DE7E8D1310}"
EndProject
Project("{9A19103F-16F7-4668-BE54-9A1E7A4F7556}") = "ex09_ex4", "ex09_ex4\ex09_ex4.csproj", "{608A39EA-72AE-45A3-89B4-824BC660C9B4}"
EndProject
Project("{9A19103F-16F7-4668-BE54-9A1E7A4F7556}") = "ex09_ex5", "ex09_ex5\ex09_ex5.csproj", "{4EDF2485-FC11-488F-8A28-B9074A5A0FC4}"
EndProject
Project("{9A19103F-16F7-4668-BE54-9A1E7A4F7556}") = "LoopSampleDoWhile", "LoopSample\LoopSampleDoWhile.csproj", "{E875458D-E4BC-48A0-9391-CAD32534FFE2}"
EndProject
Project("{9A19103F-16F7-4668-BE54-9A1E7A4F7556}") = "LoopSampleWhile", "LoopSampleWhile\LoopSampleWhile.csproj", "{E4CC0320-08C6-4746-87E3-681E6F6B3436}"
EndProject
Project("{9A19103F-16F7-4668-BE54-9A1E7A4F7556}") = "LoopSasmpleFor", "LoopSasmpleFor\LoopSasmpleFor.csproj", "{54AFFEE2-A871-4519-9BFB-0BE3477B6592}"
EndProject
Project("{9A19103F-16F7-4668-BE54-9A1E7A4F7556}") = "LoopSampleWhileFor", "LoopSampleWhileFor\LoopSampleWhileFor.csproj", "{39C8F74C-9179-4670-8C58-EEC865EA163D}"
EndProject
Project("{9A19103F-16F7-4668-BE54-9A1E7A4F7556}") = "ex10", "ex10\ex10.csproj", "{736D69E2-4E93-415E-9BE2-82DB281B9433}"
EndProject
Project("{9A19103F-16F7-4668-BE54-9A1E7A4F7556}") = "For99", "For99\For99.csproj", "{99205DFC-8023-463C-A99F-9970BA6DF1C5}"
EndProject
Project("{9A19103F-16F7-4668-BE54-9A1E7A4F7556}") = "ex11_hint", "ex11_hint\ex11_hint.csproj", "{8E193803-82C2-45CE-9B2A-27649932721D}"
EndProject
Project("{9A19103F-16F7-4668-BE54-9A1E7A4F7556}") = "ex11", "ex11\ex11.csproj", "{AAC6EFB3-57CD-4BE0-8275-DD3CF7681F4B}"
EndProject
Project("{9A19103F-16F7-4668-BE54-9A1E7A4F7556}") = "ex11_kamata", "ex11_kamata\ex11_kamata.csproj", "{C346CD8E-78D0-4BDF-AB1C-815EEAAC8037}"
EndProject
Project("{9A19103F-16F7-4668-BE54-9A1E7A4F7556}") = "ex12", "ex12\ex12.csproj", "{45DC37AF-A16E-4247-A716-1E60909A0E44}"
EndProject
Project("{9A19103F-16F7-4668-BE54-9A1E7A4F7556}") = "ex12_ex2", "ex12_ex2\ex12_ex2.csproj", "{C7C881C6-92B8-4440-864D-245A04E75218}"
EndProject
Project("{9A19103F-16F7-4668-BE54-9A1E7A4F7556}") = "ex13", "ex13\ex13.csproj", "{DD139E88-8E33-44FB-A5E9-C2417C7E8362}"
EndProject
Project("{9A19103F-16F7-4668-BE54-9A1E7A4F7556}") = "ex13_hint", "ex13_hint\ex13_hint.csproj", "{EB9587D5-7A1D-4E4D-8C42-7E9324DC3599}"
EndProject
Project("{9A19103F-16F7-4668-BE54-9A1E7A4F7556}") = "ex14", "ex14\ex14.csproj", "{195E0765-33BA-43AF-8AC6-04FCD1796862}"
EndProject
Project("{9A19103F-16F7-4668-BE54-9A1E7A4F7556}") = "ex14_ex1", "ex14_ex1\ex14_ex1.csproj", "{7570C631-14E9-438B-8DAF-FDA164E255C4}"
EndProject
Project("{9A19103F-16F7-4668-BE54-9A1E7A4F7556}") = "ex14_ex2", "ex14_ex2\ex14_ex2.csproj", "{F610D6D8-1C7C-4A4E-8047-04EC96F3F794}"
EndProject
Project("{9A19103F-16F7-4668-BE54-9A1E7A4F7556}") = "DimentionSample", "DimentionSample\DimentionSample.csproj", "{25DCA2A7-7A3A-4B04-938F-87308F8C87BE}"
EndProject
Project("{9A19103F-16F7-4668-BE54-9A1E7A4F7556}") = "DimentionSampleCoin", "DimentionSampleCoin\DimentionSampleCoin.csproj", "{43BC2470-8654-4529-A654-D89209109E18}"
EndProject
Project("{9A19103F-16F7-4668-BE54-9A1E7A4F7556}") = "DimentionSampleNew", "DimentionSampleNew\DimentionSampleNew.csproj", "{14D4A69E-8C1F-48E4-BDF7-3D2EDC0AE6E8}"
EndProject
Project("{9A19103F-16F7-4668-BE54-9A1E7A4F7556}") = "ex15_hint", "ex15_hint\ex15_hint.csproj", "{4B4755D3-3484-432E-BB01-6B48C71BCC1C}"
EndProject
Project("{9A19103F-16F7-4668-BE54-9A1E7A4F7556}") = "Ex15_ex2", "Ex15_ex2\Ex15_ex2.csproj", "{650F8627-65C9-408E-8A68-157E013423D5}"
EndProject
Project("{9A19103F-16F7-4668-BE54-9A1E7A4F7556}") = "Ex15_ex3", "Ex15_ex3\Ex15_ex3.csproj", "{FBC7D2AB-1CD7-4648-9B0E-6783C96F013E}"
EndProject
Project("{9A19103F-16F7-4668-BE54-9A1E7A4F7556}") = "Ex15", "Ex15\Ex15.csproj", "{A0137AAD-3C18-420A-9DC4-EAEE39723B5B}"
EndProject
Project("{9A19103F-16F7-4668-BE54-9A1E7A4F7556}") = "Ex15_ex4", "Ex15_ex4\Ex15_ex4.csproj", "{2D049E6E-A8B4-41AD-AF6A-3101AE6F2534}"
EndProject
Project("{9A19103F-16F7-4668-BE54-9A1E7A4F7556}") = "Ex16_hint", "Ex16_hint\Ex16_hint.csproj", "{008318BA-029D-4674-8608-4B7623B08DDE}"
EndProject
Project("{9A19103F-16F7-4668-BE54-9A1E7A4F7556}") = "Ex16_hintRandomToMax", "Ex16_hintRandomToMax\Ex16_hintRandomToMax.csproj", "{99975F66-F557-47C3-878F-276E193895EA}"
EndProject
Project("{9A19103F-16F7-4668-BE54-9A1E7A4F7556}") = "Ex16_hintRandomToMaxID", "Ex16_hintRandomToMaxID\Ex16_hintRandomToMaxID.csproj", "{A393149D-E34C-4A1D-9DB3-73D5371ACE39}"
EndProject
Project("{9A19103F-16F7-4668-BE54-9A1E7A4F7556}") = "Ex16", "Ex16\Ex16.csproj", "{643711AF-9BEE-41F1-85D3-F034D400039E}"
EndProject
Project("{9A19103F-16F7-4668-BE54-9A1E7A4F7556}") = "Ex16_ex2", "Ex16_ex2\Ex16_ex2.csproj", "{05F2AB84-08D0-4457-A711-E00F2693479C}"
EndProject
Project("{9A19103F-16F7-4668-BE54-9A1E7A4F7556}") = "Ex16_ex3", "Ex16_ex3\Ex16_ex3.csproj", "{52540C32-D78F-43EC-B4F4-C350D5EDB8F4}"
EndProject
Project("{9A19103F-16F7-4668-BE54-9A1E7A4F7556}") = "Ex16_ex4", "Ex16_ex4\Ex16_ex4.csproj", "{CC091215-E353-452B-B433-98919F1FE15E}"
EndProject
Project("{9A19103F-16F7-4668-BE54-9A1E7A4F7556}") = "Ex16_ex5", "Ex16_ex5\Ex16_ex5.csproj", "{0FEB3D6B-4674-4D94-A754-0D9E0565EB56}"
EndProject
Project("{9A19103F-16F7-4668-BE54-9A1E7A4F7556}") = "Ex17", "Ex17\Ex17.csproj", "{DC2030A0-5332-4A46-A861-D63E38FAACE4}"
EndProject
Project("{9A19103F-16F7-4668-BE54-9A1E7A4F7556}") = "Ex17_ex2", "Ex17_ex2\Ex17_ex2.csproj", "{D872F071-FB71-478A-BF51-412647D7B394}"
EndProject
Project("{9A19103F-16F7-4668-BE54-9A1E7A4F7556}") = "Ex17_ex3", "Ex17_ex3\Ex17_ex3.csproj", "{E5F6643C-9F3C-46F6-9B25-B82D2B89266C}"
EndProject
Project("{9A19103F-16F7-4668-BE54-9A1E7A4F7556}") = "Ex17_ex4", "Ex17_ex4\Ex17_ex4.csproj", "{DCB8F934-0259-454E-B818-CDA5B28C510F}"
EndProject
Project("{9A19103F-16F7-4668-BE54-9A1E7A4F7556}") = "Ex17_ex5", "Ex19_ex5\Ex17_ex5.csproj", "{70FE59B8-6D2C-4F2E-96C6-70A9577F76DE}"
EndProject
Project("{9A19103F-16F7-4668-BE54-9A1E7A4F7556}") = "Challenge02_hint", "Challenge02_hint\Challenge02_hint.csproj", "{401C2ABF-4DF6-409A-808D-A1262435D659}"
EndProject
Project("{9A19103F-16F7-4668-BE54-9A1E7A4F7556}") = "Challenge02_hint_FYoriginal", "Challenge02_hint_FYoriginal\Challenge02_hint_FYoriginal.csproj", "{B16718F6-14D3-48C3-AB7D-B2CA612F18A5}"
EndProject
Project("{9A19103F-16F7-4668-BE54-9A1E7A4F7556}") = "Challenge02_hint_FYevolve", "Challenge02_hint_FYevolve\Challenge02_hint_FYevolve.csproj", "{C49B4DE8-4B16-4BC5-92FF-AA100B3CA272}"
EndProject
Project("{9A19103F-16F7-4668-BE54-9A1E7A4F7556}") = "Challenge02_hint_FYevolve_20wave_hint", "Challenge02_hint_FYevolve_20wave_hint\Challenge02_hint_FYevolve_20wave_hint.csproj", "{0808F809-1470-4EDD-8C0B-ED241CCEE58D}"
EndProject
Project("{9A19103F-16F7-4668-BE54-9A1E7A4F7556}") = "Challenge02", "Challenge02\Challenge02.csproj", "{709D3889-CB3D-44A6-BF40-83D396750EC2}"
EndProject
Project("{9A19103F-16F7-4668-BE54-9A1E7A4F7556}") = "Challeneg02_ex2", "Challeneg02_ex2\Challeneg02_ex2.csproj", "{4BEBBD3E-6514-4DB5-96DF-67F9BE2B90C7}"
EndProject
Project("{9A19103F-16F7-4668-BE54-9A1E7A4F7556}") = "Challenge02_ex3", "Challenge02_ex3\Challenge02_ex3.csproj", "{F8C4E59C-21A0-48B0-8162-09389D678141}"
EndProject
Project("{9A19103F-16F7-4668-BE54-9A1E7A4F7556}") = "Challenge02_ex4", "Challenge02_ex4\Challenge02_ex4.csproj", "{CC24BC75-58BB-4F06-8533-54A7015D1970}"
EndProject
Project("{9A19103F-16F7-4668-BE54-9A1E7A4F7556}") = "OrderBy", "OrderBy\OrderBy.csproj", "{A8A9BA87-FE81-428A-A9BF-4DEF30A7149B}"
EndProject
Project("{9A19103F-16F7-4668-BE54-9A1E7A4F7556}") = "NewGuidSasmple", "NewGuidSasmple\NewGuidSasmple.csproj", "{050A7335-31E2-4E4C-9E1F-9F51BA92BE12}"
EndProject
Project("{9A19103F-16F7-4668-BE54-9A1E7A4F7556}") = "Challenge02_ex5", "Challenge02_ex5\Challenge02_ex5.csproj", "{DB88B9F0-F328-4800-AB8A-D528E3CCAA30}"
EndProject
Project("{9A19103F-16F7-4668-BE54-9A1E7A4F7556}") = "Challenge01_hint", "Challenge01_hint\Challenge01_hint.csproj", "{49DE12E4-60B3-45CA-BDA8-E30D0B871124}"
EndProject
Project("{9A19103F-16F7-4668-BE54-9A1E7A4F7556}") = "Challenge01_hint02", "Challenge01_hint02\Challenge01_hint02.csproj", "{B31F7451-C0D6-42B1-8FD6-5AEFB88D106C}"
EndProject
Project("{9A19103F-16F7-4668-BE54-9A1E7A4F7556}") = "Challenge01", "Challenge01\Challenge01.csproj", "{F59E4A4A-A299-4704-A867-401E57914E24}"
EndProject
Project("{9A19103F-16F7-4668-BE54-9A1E7A4F7556}") = "Challenge01_ex2", "Challenge01_ex2\Challenge01_ex2.csproj", "{6AA82444-3CD7-4DE1-8AE7-9C707C0401B5}"
EndProject
Project("{9A19103F-16F7-4668-BE54-9A1E7A4F7556}") = "Challenge03_hint1", "Challenge03_hint1\Challenge03_hint1.csproj", "{69D8AAA4-DA0D-451E-8C23-E14F9ADB3E91}"
EndProject
Project("{9A19103F-16F7-4668-BE54-9A1E7A4F7556}") = "Challenge03", "Challenge03\Challenge03.csproj", "{A23EB197-2697-4047-AAAE-6FED08B3B767}"
EndProject
Project("{FAE04EC0-301F-11D3-BF4B-00C04F79EFBC}") = "Challenge03_iizawa", "Challenge03_iizawa\Challenge03_iizawa.csproj", "{5BFFAD54-8361-46FB-91CE-92671176ED26}"
EndProject
Global
	GlobalSection(SolutionConfigurationPlatforms) = preSolution
		Debug|Any CPU = Debug|Any CPU
		Release|Any CPU = Release|Any CPU
	EndGlobalSection
	GlobalSection(ProjectConfigurationPlatforms) = postSolution
		{4C9192E5-2E75-4498-B454-49B246A582A5}.Debug|Any CPU.ActiveCfg = Debug|Any CPU
		{4C9192E5-2E75-4498-B454-49B246A582A5}.Debug|Any CPU.Build.0 = Debug|Any CPU
		{4C9192E5-2E75-4498-B454-49B246A582A5}.Release|Any CPU.ActiveCfg = Release|Any CPU
		{4C9192E5-2E75-4498-B454-49B246A582A5}.Release|Any CPU.Build.0 = Release|Any CPU
		{8DBFD642-1157-4EC9-B08D-865877CDAAB3}.Debug|Any CPU.ActiveCfg = Debug|Any CPU
		{8DBFD642-1157-4EC9-B08D-865877CDAAB3}.Debug|Any CPU.Build.0 = Debug|Any CPU
		{8DBFD642-1157-4EC9-B08D-865877CDAAB3}.Release|Any CPU.ActiveCfg = Release|Any CPU
		{8DBFD642-1157-4EC9-B08D-865877CDAAB3}.Release|Any CPU.Build.0 = Release|Any CPU
		{D24AF0A1-23D1-4465-8C88-0AA2AF52D6B1}.Debug|Any CPU.ActiveCfg = Debug|Any CPU
		{D24AF0A1-23D1-4465-8C88-0AA2AF52D6B1}.Debug|Any CPU.Build.0 = Debug|Any CPU
		{D24AF0A1-23D1-4465-8C88-0AA2AF52D6B1}.Release|Any CPU.ActiveCfg = Release|Any CPU
		{D24AF0A1-23D1-4465-8C88-0AA2AF52D6B1}.Release|Any CPU.Build.0 = Release|Any CPU
		{A25D9388-0046-4237-8A24-CBB82B8F7225}.Debug|Any CPU.ActiveCfg = Debug|Any CPU
		{A25D9388-0046-4237-8A24-CBB82B8F7225}.Debug|Any CPU.Build.0 = Debug|Any CPU
		{A25D9388-0046-4237-8A24-CBB82B8F7225}.Release|Any CPU.ActiveCfg = Release|Any CPU
		{A25D9388-0046-4237-8A24-CBB82B8F7225}.Release|Any CPU.Build.0 = Release|Any CPU
		{17FC8A7F-4ADA-45B0-B4CA-01C5FC6199D2}.Debug|Any CPU.ActiveCfg = Debug|Any CPU
		{17FC8A7F-4ADA-45B0-B4CA-01C5FC6199D2}.Debug|Any CPU.Build.0 = Debug|Any CPU
		{17FC8A7F-4ADA-45B0-B4CA-01C5FC6199D2}.Release|Any CPU.ActiveCfg = Release|Any CPU
		{17FC8A7F-4ADA-45B0-B4CA-01C5FC6199D2}.Release|Any CPU.Build.0 = Release|Any CPU
		{0A6E6090-287F-4935-BF08-FC503D55FEB4}.Debug|Any CPU.ActiveCfg = Debug|Any CPU
		{0A6E6090-287F-4935-BF08-FC503D55FEB4}.Debug|Any CPU.Build.0 = Debug|Any CPU
		{0A6E6090-287F-4935-BF08-FC503D55FEB4}.Release|Any CPU.ActiveCfg = Release|Any CPU
		{0A6E6090-287F-4935-BF08-FC503D55FEB4}.Release|Any CPU.Build.0 = Release|Any CPU
		{0B43A2A7-77CA-40EF-9C84-DB0BB2F85A67}.Debug|Any CPU.ActiveCfg = Debug|Any CPU
		{0B43A2A7-77CA-40EF-9C84-DB0BB2F85A67}.Debug|Any CPU.Build.0 = Debug|Any CPU
		{0B43A2A7-77CA-40EF-9C84-DB0BB2F85A67}.Release|Any CPU.ActiveCfg = Release|Any CPU
		{0B43A2A7-77CA-40EF-9C84-DB0BB2F85A67}.Release|Any CPU.Build.0 = Release|Any CPU
		{AB5837EC-B944-4D17-BA80-A9A733A43497}.Debug|Any CPU.ActiveCfg = Debug|Any CPU
		{AB5837EC-B944-4D17-BA80-A9A733A43497}.Debug|Any CPU.Build.0 = Debug|Any CPU
		{AB5837EC-B944-4D17-BA80-A9A733A43497}.Release|Any CPU.ActiveCfg = Release|Any CPU
		{AB5837EC-B944-4D17-BA80-A9A733A43497}.Release|Any CPU.Build.0 = Release|Any CPU
		{867DDE09-88E6-4A1F-8EE1-F9237AE7314B}.Debug|Any CPU.ActiveCfg = Debug|Any CPU
		{867DDE09-88E6-4A1F-8EE1-F9237AE7314B}.Debug|Any CPU.Build.0 = Debug|Any CPU
		{867DDE09-88E6-4A1F-8EE1-F9237AE7314B}.Release|Any CPU.ActiveCfg = Release|Any CPU
		{867DDE09-88E6-4A1F-8EE1-F9237AE7314B}.Release|Any CPU.Build.0 = Release|Any CPU
		{01D8D6AD-29C1-4DD1-BB54-CBDC55BBBCFA}.Debug|Any CPU.ActiveCfg = Debug|Any CPU
		{01D8D6AD-29C1-4DD1-BB54-CBDC55BBBCFA}.Debug|Any CPU.Build.0 = Debug|Any CPU
		{01D8D6AD-29C1-4DD1-BB54-CBDC55BBBCFA}.Release|Any CPU.ActiveCfg = Release|Any CPU
		{01D8D6AD-29C1-4DD1-BB54-CBDC55BBBCFA}.Release|Any CPU.Build.0 = Release|Any CPU
		{2FDB9F6E-39D6-4CEF-B59D-E183D5836572}.Debug|Any CPU.ActiveCfg = Debug|Any CPU
		{2FDB9F6E-39D6-4CEF-B59D-E183D5836572}.Debug|Any CPU.Build.0 = Debug|Any CPU
		{2FDB9F6E-39D6-4CEF-B59D-E183D5836572}.Release|Any CPU.ActiveCfg = Release|Any CPU
		{2FDB9F6E-39D6-4CEF-B59D-E183D5836572}.Release|Any CPU.Build.0 = Release|Any CPU
		{ABD5278C-6F6E-4FF0-B697-413A93737194}.Debug|Any CPU.ActiveCfg = Debug|Any CPU
		{ABD5278C-6F6E-4FF0-B697-413A93737194}.Debug|Any CPU.Build.0 = Debug|Any CPU
		{ABD5278C-6F6E-4FF0-B697-413A93737194}.Release|Any CPU.ActiveCfg = Release|Any CPU
		{ABD5278C-6F6E-4FF0-B697-413A93737194}.Release|Any CPU.Build.0 = Release|Any CPU
		{8CAECD69-604E-4B93-8F9A-6DA80363CBC4}.Debug|Any CPU.ActiveCfg = Debug|Any CPU
		{8CAECD69-604E-4B93-8F9A-6DA80363CBC4}.Debug|Any CPU.Build.0 = Debug|Any CPU
		{8CAECD69-604E-4B93-8F9A-6DA80363CBC4}.Release|Any CPU.ActiveCfg = Release|Any CPU
		{8CAECD69-604E-4B93-8F9A-6DA80363CBC4}.Release|Any CPU.Build.0 = Release|Any CPU
		{F36A5DDB-8AC5-47A3-9DC3-DBA8FEBF897F}.Debug|Any CPU.ActiveCfg = Debug|Any CPU
		{F36A5DDB-8AC5-47A3-9DC3-DBA8FEBF897F}.Debug|Any CPU.Build.0 = Debug|Any CPU
		{F36A5DDB-8AC5-47A3-9DC3-DBA8FEBF897F}.Release|Any CPU.ActiveCfg = Release|Any CPU
		{F36A5DDB-8AC5-47A3-9DC3-DBA8FEBF897F}.Release|Any CPU.Build.0 = Release|Any CPU
		{5067EFB4-26C9-4D91-AD89-358C82C53BC9}.Debug|Any CPU.ActiveCfg = Debug|Any CPU
		{5067EFB4-26C9-4D91-AD89-358C82C53BC9}.Debug|Any CPU.Build.0 = Debug|Any CPU
		{5067EFB4-26C9-4D91-AD89-358C82C53BC9}.Release|Any CPU.ActiveCfg = Release|Any CPU
		{5067EFB4-26C9-4D91-AD89-358C82C53BC9}.Release|Any CPU.Build.0 = Release|Any CPU
		{8B5DC046-D2E6-46B8-8314-AA128F3B7784}.Debug|Any CPU.ActiveCfg = Debug|Any CPU
		{8B5DC046-D2E6-46B8-8314-AA128F3B7784}.Debug|Any CPU.Build.0 = Debug|Any CPU
		{8B5DC046-D2E6-46B8-8314-AA128F3B7784}.Release|Any CPU.ActiveCfg = Release|Any CPU
		{8B5DC046-D2E6-46B8-8314-AA128F3B7784}.Release|Any CPU.Build.0 = Release|Any CPU
		{399610F0-7C1D-4BE0-9AF9-B154B91011C9}.Debug|Any CPU.ActiveCfg = Debug|Any CPU
		{399610F0-7C1D-4BE0-9AF9-B154B91011C9}.Debug|Any CPU.Build.0 = Debug|Any CPU
		{399610F0-7C1D-4BE0-9AF9-B154B91011C9}.Release|Any CPU.ActiveCfg = Release|Any CPU
		{399610F0-7C1D-4BE0-9AF9-B154B91011C9}.Release|Any CPU.Build.0 = Release|Any CPU
		{B29C27D0-3AF1-4349-9455-26753B00F752}.Debug|Any CPU.ActiveCfg = Debug|Any CPU
		{B29C27D0-3AF1-4349-9455-26753B00F752}.Debug|Any CPU.Build.0 = Debug|Any CPU
		{B29C27D0-3AF1-4349-9455-26753B00F752}.Release|Any CPU.ActiveCfg = Release|Any CPU
		{B29C27D0-3AF1-4349-9455-26753B00F752}.Release|Any CPU.Build.0 = Release|Any CPU
		{FF42A79E-048E-43E5-887C-1CCCD4542413}.Debug|Any CPU.ActiveCfg = Debug|Any CPU
		{FF42A79E-048E-43E5-887C-1CCCD4542413}.Debug|Any CPU.Build.0 = Debug|Any CPU
		{FF42A79E-048E-43E5-887C-1CCCD4542413}.Release|Any CPU.ActiveCfg = Release|Any CPU
		{FF42A79E-048E-43E5-887C-1CCCD4542413}.Release|Any CPU.Build.0 = Release|Any CPU
		{5A01E72D-1615-4038-B947-A7EB52C628F2}.Debug|Any CPU.ActiveCfg = Debug|Any CPU
		{5A01E72D-1615-4038-B947-A7EB52C628F2}.Debug|Any CPU.Build.0 = Debug|Any CPU
		{5A01E72D-1615-4038-B947-A7EB52C628F2}.Release|Any CPU.ActiveCfg = Release|Any CPU
		{5A01E72D-1615-4038-B947-A7EB52C628F2}.Release|Any CPU.Build.0 = Release|Any CPU
		{B9A18022-5BEE-40CA-A020-36488421DF94}.Debug|Any CPU.ActiveCfg = Debug|Any CPU
		{B9A18022-5BEE-40CA-A020-36488421DF94}.Debug|Any CPU.Build.0 = Debug|Any CPU
		{B9A18022-5BEE-40CA-A020-36488421DF94}.Release|Any CPU.ActiveCfg = Release|Any CPU
		{B9A18022-5BEE-40CA-A020-36488421DF94}.Release|Any CPU.Build.0 = Release|Any CPU
		{1392B18B-EA4D-44D6-9118-AF74F70ED6C0}.Debug|Any CPU.ActiveCfg = Debug|Any CPU
		{1392B18B-EA4D-44D6-9118-AF74F70ED6C0}.Debug|Any CPU.Build.0 = Debug|Any CPU
		{1392B18B-EA4D-44D6-9118-AF74F70ED6C0}.Release|Any CPU.ActiveCfg = Release|Any CPU
		{1392B18B-EA4D-44D6-9118-AF74F70ED6C0}.Release|Any CPU.Build.0 = Release|Any CPU
		{1EFA3599-49A1-4E62-89CA-8F93DE57EBAE}.Debug|Any CPU.ActiveCfg = Debug|Any CPU
		{1EFA3599-49A1-4E62-89CA-8F93DE57EBAE}.Debug|Any CPU.Build.0 = Debug|Any CPU
		{1EFA3599-49A1-4E62-89CA-8F93DE57EBAE}.Release|Any CPU.ActiveCfg = Release|Any CPU
		{1EFA3599-49A1-4E62-89CA-8F93DE57EBAE}.Release|Any CPU.Build.0 = Release|Any CPU
		{584638A0-334A-4F35-935F-46DE7E8D1310}.Debug|Any CPU.ActiveCfg = Debug|Any CPU
		{584638A0-334A-4F35-935F-46DE7E8D1310}.Debug|Any CPU.Build.0 = Debug|Any CPU
		{584638A0-334A-4F35-935F-46DE7E8D1310}.Release|Any CPU.ActiveCfg = Release|Any CPU
		{584638A0-334A-4F35-935F-46DE7E8D1310}.Release|Any CPU.Build.0 = Release|Any CPU
		{608A39EA-72AE-45A3-89B4-824BC660C9B4}.Debug|Any CPU.ActiveCfg = Debug|Any CPU
		{608A39EA-72AE-45A3-89B4-824BC660C9B4}.Debug|Any CPU.Build.0 = Debug|Any CPU
		{608A39EA-72AE-45A3-89B4-824BC660C9B4}.Release|Any CPU.ActiveCfg = Release|Any CPU
		{608A39EA-72AE-45A3-89B4-824BC660C9B4}.Release|Any CPU.Build.0 = Release|Any CPU
		{4EDF2485-FC11-488F-8A28-B9074A5A0FC4}.Debug|Any CPU.ActiveCfg = Debug|Any CPU
		{4EDF2485-FC11-488F-8A28-B9074A5A0FC4}.Debug|Any CPU.Build.0 = Debug|Any CPU
		{4EDF2485-FC11-488F-8A28-B9074A5A0FC4}.Release|Any CPU.ActiveCfg = Release|Any CPU
		{4EDF2485-FC11-488F-8A28-B9074A5A0FC4}.Release|Any CPU.Build.0 = Release|Any CPU
		{E875458D-E4BC-48A0-9391-CAD32534FFE2}.Debug|Any CPU.ActiveCfg = Debug|Any CPU
		{E875458D-E4BC-48A0-9391-CAD32534FFE2}.Debug|Any CPU.Build.0 = Debug|Any CPU
		{E875458D-E4BC-48A0-9391-CAD32534FFE2}.Release|Any CPU.ActiveCfg = Release|Any CPU
		{E875458D-E4BC-48A0-9391-CAD32534FFE2}.Release|Any CPU.Build.0 = Release|Any CPU
		{E4CC0320-08C6-4746-87E3-681E6F6B3436}.Debug|Any CPU.ActiveCfg = Debug|Any CPU
		{E4CC0320-08C6-4746-87E3-681E6F6B3436}.Debug|Any CPU.Build.0 = Debug|Any CPU
		{E4CC0320-08C6-4746-87E3-681E6F6B3436}.Release|Any CPU.ActiveCfg = Release|Any CPU
		{E4CC0320-08C6-4746-87E3-681E6F6B3436}.Release|Any CPU.Build.0 = Release|Any CPU
		{54AFFEE2-A871-4519-9BFB-0BE3477B6592}.Debug|Any CPU.ActiveCfg = Debug|Any CPU
		{54AFFEE2-A871-4519-9BFB-0BE3477B6592}.Debug|Any CPU.Build.0 = Debug|Any CPU
		{54AFFEE2-A871-4519-9BFB-0BE3477B6592}.Release|Any CPU.ActiveCfg = Release|Any CPU
		{54AFFEE2-A871-4519-9BFB-0BE3477B6592}.Release|Any CPU.Build.0 = Release|Any CPU
		{39C8F74C-9179-4670-8C58-EEC865EA163D}.Debug|Any CPU.ActiveCfg = Debug|Any CPU
		{39C8F74C-9179-4670-8C58-EEC865EA163D}.Debug|Any CPU.Build.0 = Debug|Any CPU
		{39C8F74C-9179-4670-8C58-EEC865EA163D}.Release|Any CPU.ActiveCfg = Release|Any CPU
		{39C8F74C-9179-4670-8C58-EEC865EA163D}.Release|Any CPU.Build.0 = Release|Any CPU
		{736D69E2-4E93-415E-9BE2-82DB281B9433}.Debug|Any CPU.ActiveCfg = Debug|Any CPU
		{736D69E2-4E93-415E-9BE2-82DB281B9433}.Debug|Any CPU.Build.0 = Debug|Any CPU
		{736D69E2-4E93-415E-9BE2-82DB281B9433}.Release|Any CPU.ActiveCfg = Release|Any CPU
		{736D69E2-4E93-415E-9BE2-82DB281B9433}.Release|Any CPU.Build.0 = Release|Any CPU
		{99205DFC-8023-463C-A99F-9970BA6DF1C5}.Debug|Any CPU.ActiveCfg = Debug|Any CPU
		{99205DFC-8023-463C-A99F-9970BA6DF1C5}.Debug|Any CPU.Build.0 = Debug|Any CPU
		{99205DFC-8023-463C-A99F-9970BA6DF1C5}.Release|Any CPU.ActiveCfg = Release|Any CPU
		{99205DFC-8023-463C-A99F-9970BA6DF1C5}.Release|Any CPU.Build.0 = Release|Any CPU
		{8E193803-82C2-45CE-9B2A-27649932721D}.Debug|Any CPU.ActiveCfg = Debug|Any CPU
		{8E193803-82C2-45CE-9B2A-27649932721D}.Debug|Any CPU.Build.0 = Debug|Any CPU
		{8E193803-82C2-45CE-9B2A-27649932721D}.Release|Any CPU.ActiveCfg = Release|Any CPU
		{8E193803-82C2-45CE-9B2A-27649932721D}.Release|Any CPU.Build.0 = Release|Any CPU
		{AAC6EFB3-57CD-4BE0-8275-DD3CF7681F4B}.Debug|Any CPU.ActiveCfg = Debug|Any CPU
		{AAC6EFB3-57CD-4BE0-8275-DD3CF7681F4B}.Debug|Any CPU.Build.0 = Debug|Any CPU
		{AAC6EFB3-57CD-4BE0-8275-DD3CF7681F4B}.Release|Any CPU.ActiveCfg = Release|Any CPU
		{AAC6EFB3-57CD-4BE0-8275-DD3CF7681F4B}.Release|Any CPU.Build.0 = Release|Any CPU
		{C346CD8E-78D0-4BDF-AB1C-815EEAAC8037}.Debug|Any CPU.ActiveCfg = Debug|Any CPU
		{C346CD8E-78D0-4BDF-AB1C-815EEAAC8037}.Debug|Any CPU.Build.0 = Debug|Any CPU
		{C346CD8E-78D0-4BDF-AB1C-815EEAAC8037}.Release|Any CPU.ActiveCfg = Release|Any CPU
		{C346CD8E-78D0-4BDF-AB1C-815EEAAC8037}.Release|Any CPU.Build.0 = Release|Any CPU
		{45DC37AF-A16E-4247-A716-1E60909A0E44}.Debug|Any CPU.ActiveCfg = Debug|Any CPU
		{45DC37AF-A16E-4247-A716-1E60909A0E44}.Debug|Any CPU.Build.0 = Debug|Any CPU
		{45DC37AF-A16E-4247-A716-1E60909A0E44}.Release|Any CPU.ActiveCfg = Release|Any CPU
		{45DC37AF-A16E-4247-A716-1E60909A0E44}.Release|Any CPU.Build.0 = Release|Any CPU
		{C7C881C6-92B8-4440-864D-245A04E75218}.Debug|Any CPU.ActiveCfg = Debug|Any CPU
		{C7C881C6-92B8-4440-864D-245A04E75218}.Debug|Any CPU.Build.0 = Debug|Any CPU
		{C7C881C6-92B8-4440-864D-245A04E75218}.Release|Any CPU.ActiveCfg = Release|Any CPU
		{C7C881C6-92B8-4440-864D-245A04E75218}.Release|Any CPU.Build.0 = Release|Any CPU
		{DD139E88-8E33-44FB-A5E9-C2417C7E8362}.Debug|Any CPU.ActiveCfg = Debug|Any CPU
		{DD139E88-8E33-44FB-A5E9-C2417C7E8362}.Debug|Any CPU.Build.0 = Debug|Any CPU
		{DD139E88-8E33-44FB-A5E9-C2417C7E8362}.Release|Any CPU.ActiveCfg = Release|Any CPU
		{DD139E88-8E33-44FB-A5E9-C2417C7E8362}.Release|Any CPU.Build.0 = Release|Any CPU
		{EB9587D5-7A1D-4E4D-8C42-7E9324DC3599}.Debug|Any CPU.ActiveCfg = Debug|Any CPU
		{EB9587D5-7A1D-4E4D-8C42-7E9324DC3599}.Debug|Any CPU.Build.0 = Debug|Any CPU
		{EB9587D5-7A1D-4E4D-8C42-7E9324DC3599}.Release|Any CPU.ActiveCfg = Release|Any CPU
		{EB9587D5-7A1D-4E4D-8C42-7E9324DC3599}.Release|Any CPU.Build.0 = Release|Any CPU
		{195E0765-33BA-43AF-8AC6-04FCD1796862}.Debug|Any CPU.ActiveCfg = Debug|Any CPU
		{195E0765-33BA-43AF-8AC6-04FCD1796862}.Debug|Any CPU.Build.0 = Debug|Any CPU
		{195E0765-33BA-43AF-8AC6-04FCD1796862}.Release|Any CPU.ActiveCfg = Release|Any CPU
		{195E0765-33BA-43AF-8AC6-04FCD1796862}.Release|Any CPU.Build.0 = Release|Any CPU
		{7570C631-14E9-438B-8DAF-FDA164E255C4}.Debug|Any CPU.ActiveCfg = Debug|Any CPU
		{7570C631-14E9-438B-8DAF-FDA164E255C4}.Debug|Any CPU.Build.0 = Debug|Any CPU
		{7570C631-14E9-438B-8DAF-FDA164E255C4}.Release|Any CPU.ActiveCfg = Release|Any CPU
		{7570C631-14E9-438B-8DAF-FDA164E255C4}.Release|Any CPU.Build.0 = Release|Any CPU
		{F610D6D8-1C7C-4A4E-8047-04EC96F3F794}.Debug|Any CPU.ActiveCfg = Debug|Any CPU
		{F610D6D8-1C7C-4A4E-8047-04EC96F3F794}.Debug|Any CPU.Build.0 = Debug|Any CPU
		{F610D6D8-1C7C-4A4E-8047-04EC96F3F794}.Release|Any CPU.ActiveCfg = Release|Any CPU
		{F610D6D8-1C7C-4A4E-8047-04EC96F3F794}.Release|Any CPU.Build.0 = Release|Any CPU
		{25DCA2A7-7A3A-4B04-938F-87308F8C87BE}.Debug|Any CPU.ActiveCfg = Debug|Any CPU
		{25DCA2A7-7A3A-4B04-938F-87308F8C87BE}.Debug|Any CPU.Build.0 = Debug|Any CPU
		{25DCA2A7-7A3A-4B04-938F-87308F8C87BE}.Release|Any CPU.ActiveCfg = Release|Any CPU
		{25DCA2A7-7A3A-4B04-938F-87308F8C87BE}.Release|Any CPU.Build.0 = Release|Any CPU
		{43BC2470-8654-4529-A654-D89209109E18}.Debug|Any CPU.ActiveCfg = Debug|Any CPU
		{43BC2470-8654-4529-A654-D89209109E18}.Debug|Any CPU.Build.0 = Debug|Any CPU
		{43BC2470-8654-4529-A654-D89209109E18}.Release|Any CPU.ActiveCfg = Release|Any CPU
		{43BC2470-8654-4529-A654-D89209109E18}.Release|Any CPU.Build.0 = Release|Any CPU
		{14D4A69E-8C1F-48E4-BDF7-3D2EDC0AE6E8}.Debug|Any CPU.ActiveCfg = Debug|Any CPU
		{14D4A69E-8C1F-48E4-BDF7-3D2EDC0AE6E8}.Debug|Any CPU.Build.0 = Debug|Any CPU
		{14D4A69E-8C1F-48E4-BDF7-3D2EDC0AE6E8}.Release|Any CPU.ActiveCfg = Release|Any CPU
		{14D4A69E-8C1F-48E4-BDF7-3D2EDC0AE6E8}.Release|Any CPU.Build.0 = Release|Any CPU
		{4B4755D3-3484-432E-BB01-6B48C71BCC1C}.Debug|Any CPU.ActiveCfg = Debug|Any CPU
		{4B4755D3-3484-432E-BB01-6B48C71BCC1C}.Debug|Any CPU.Build.0 = Debug|Any CPU
		{4B4755D3-3484-432E-BB01-6B48C71BCC1C}.Release|Any CPU.ActiveCfg = Release|Any CPU
		{4B4755D3-3484-432E-BB01-6B48C71BCC1C}.Release|Any CPU.Build.0 = Release|Any CPU
		{650F8627-65C9-408E-8A68-157E013423D5}.Debug|Any CPU.ActiveCfg = Debug|Any CPU
		{650F8627-65C9-408E-8A68-157E013423D5}.Debug|Any CPU.Build.0 = Debug|Any CPU
		{650F8627-65C9-408E-8A68-157E013423D5}.Release|Any CPU.ActiveCfg = Release|Any CPU
		{650F8627-65C9-408E-8A68-157E013423D5}.Release|Any CPU.Build.0 = Release|Any CPU
		{FBC7D2AB-1CD7-4648-9B0E-6783C96F013E}.Debug|Any CPU.ActiveCfg = Debug|Any CPU
		{FBC7D2AB-1CD7-4648-9B0E-6783C96F013E}.Debug|Any CPU.Build.0 = Debug|Any CPU
		{FBC7D2AB-1CD7-4648-9B0E-6783C96F013E}.Release|Any CPU.ActiveCfg = Release|Any CPU
		{FBC7D2AB-1CD7-4648-9B0E-6783C96F013E}.Release|Any CPU.Build.0 = Release|Any CPU
		{A0137AAD-3C18-420A-9DC4-EAEE39723B5B}.Debug|Any CPU.ActiveCfg = Debug|Any CPU
		{A0137AAD-3C18-420A-9DC4-EAEE39723B5B}.Debug|Any CPU.Build.0 = Debug|Any CPU
		{A0137AAD-3C18-420A-9DC4-EAEE39723B5B}.Release|Any CPU.ActiveCfg = Release|Any CPU
		{A0137AAD-3C18-420A-9DC4-EAEE39723B5B}.Release|Any CPU.Build.0 = Release|Any CPU
		{2D049E6E-A8B4-41AD-AF6A-3101AE6F2534}.Debug|Any CPU.ActiveCfg = Debug|Any CPU
		{2D049E6E-A8B4-41AD-AF6A-3101AE6F2534}.Debug|Any CPU.Build.0 = Debug|Any CPU
		{2D049E6E-A8B4-41AD-AF6A-3101AE6F2534}.Release|Any CPU.ActiveCfg = Release|Any CPU
		{2D049E6E-A8B4-41AD-AF6A-3101AE6F2534}.Release|Any CPU.Build.0 = Release|Any CPU
		{008318BA-029D-4674-8608-4B7623B08DDE}.Debug|Any CPU.ActiveCfg = Debug|Any CPU
		{008318BA-029D-4674-8608-4B7623B08DDE}.Debug|Any CPU.Build.0 = Debug|Any CPU
		{008318BA-029D-4674-8608-4B7623B08DDE}.Release|Any CPU.ActiveCfg = Release|Any CPU
		{008318BA-029D-4674-8608-4B7623B08DDE}.Release|Any CPU.Build.0 = Release|Any CPU
		{99975F66-F557-47C3-878F-276E193895EA}.Debug|Any CPU.ActiveCfg = Debug|Any CPU
		{99975F66-F557-47C3-878F-276E193895EA}.Debug|Any CPU.Build.0 = Debug|Any CPU
		{99975F66-F557-47C3-878F-276E193895EA}.Release|Any CPU.ActiveCfg = Release|Any CPU
		{99975F66-F557-47C3-878F-276E193895EA}.Release|Any CPU.Build.0 = Release|Any CPU
		{A393149D-E34C-4A1D-9DB3-73D5371ACE39}.Debug|Any CPU.ActiveCfg = Debug|Any CPU
		{A393149D-E34C-4A1D-9DB3-73D5371ACE39}.Debug|Any CPU.Build.0 = Debug|Any CPU
		{A393149D-E34C-4A1D-9DB3-73D5371ACE39}.Release|Any CPU.ActiveCfg = Release|Any CPU
		{A393149D-E34C-4A1D-9DB3-73D5371ACE39}.Release|Any CPU.Build.0 = Release|Any CPU
		{643711AF-9BEE-41F1-85D3-F034D400039E}.Debug|Any CPU.ActiveCfg = Debug|Any CPU
		{643711AF-9BEE-41F1-85D3-F034D400039E}.Debug|Any CPU.Build.0 = Debug|Any CPU
		{643711AF-9BEE-41F1-85D3-F034D400039E}.Release|Any CPU.ActiveCfg = Release|Any CPU
		{643711AF-9BEE-41F1-85D3-F034D400039E}.Release|Any CPU.Build.0 = Release|Any CPU
		{05F2AB84-08D0-4457-A711-E00F2693479C}.Debug|Any CPU.ActiveCfg = Debug|Any CPU
		{05F2AB84-08D0-4457-A711-E00F2693479C}.Debug|Any CPU.Build.0 = Debug|Any CPU
		{05F2AB84-08D0-4457-A711-E00F2693479C}.Release|Any CPU.ActiveCfg = Release|Any CPU
		{05F2AB84-08D0-4457-A711-E00F2693479C}.Release|Any CPU.Build.0 = Release|Any CPU
		{52540C32-D78F-43EC-B4F4-C350D5EDB8F4}.Debug|Any CPU.ActiveCfg = Debug|Any CPU
		{52540C32-D78F-43EC-B4F4-C350D5EDB8F4}.Debug|Any CPU.Build.0 = Debug|Any CPU
		{52540C32-D78F-43EC-B4F4-C350D5EDB8F4}.Release|Any CPU.ActiveCfg = Release|Any CPU
		{52540C32-D78F-43EC-B4F4-C350D5EDB8F4}.Release|Any CPU.Build.0 = Release|Any CPU
		{CC091215-E353-452B-B433-98919F1FE15E}.Debug|Any CPU.ActiveCfg = Debug|Any CPU
		{CC091215-E353-452B-B433-98919F1FE15E}.Debug|Any CPU.Build.0 = Debug|Any CPU
		{CC091215-E353-452B-B433-98919F1FE15E}.Release|Any CPU.ActiveCfg = Release|Any CPU
		{CC091215-E353-452B-B433-98919F1FE15E}.Release|Any CPU.Build.0 = Release|Any CPU
		{0FEB3D6B-4674-4D94-A754-0D9E0565EB56}.Debug|Any CPU.ActiveCfg = Debug|Any CPU
		{0FEB3D6B-4674-4D94-A754-0D9E0565EB56}.Debug|Any CPU.Build.0 = Debug|Any CPU
		{0FEB3D6B-4674-4D94-A754-0D9E0565EB56}.Release|Any CPU.ActiveCfg = Release|Any CPU
		{0FEB3D6B-4674-4D94-A754-0D9E0565EB56}.Release|Any CPU.Build.0 = Release|Any CPU
		{DC2030A0-5332-4A46-A861-D63E38FAACE4}.Debug|Any CPU.ActiveCfg = Debug|Any CPU
		{DC2030A0-5332-4A46-A861-D63E38FAACE4}.Debug|Any CPU.Build.0 = Debug|Any CPU
		{DC2030A0-5332-4A46-A861-D63E38FAACE4}.Release|Any CPU.ActiveCfg = Release|Any CPU
		{DC2030A0-5332-4A46-A861-D63E38FAACE4}.Release|Any CPU.Build.0 = Release|Any CPU
		{D872F071-FB71-478A-BF51-412647D7B394}.Debug|Any CPU.ActiveCfg = Debug|Any CPU
		{D872F071-FB71-478A-BF51-412647D7B394}.Debug|Any CPU.Build.0 = Debug|Any CPU
		{D872F071-FB71-478A-BF51-412647D7B394}.Release|Any CPU.ActiveCfg = Release|Any CPU
		{D872F071-FB71-478A-BF51-412647D7B394}.Release|Any CPU.Build.0 = Release|Any CPU
		{E5F6643C-9F3C-46F6-9B25-B82D2B89266C}.Debug|Any CPU.ActiveCfg = Debug|Any CPU
		{E5F6643C-9F3C-46F6-9B25-B82D2B89266C}.Debug|Any CPU.Build.0 = Debug|Any CPU
		{E5F6643C-9F3C-46F6-9B25-B82D2B89266C}.Release|Any CPU.ActiveCfg = Release|Any CPU
		{E5F6643C-9F3C-46F6-9B25-B82D2B89266C}.Release|Any CPU.Build.0 = Release|Any CPU
		{DCB8F934-0259-454E-B818-CDA5B28C510F}.Debug|Any CPU.ActiveCfg = Debug|Any CPU
		{DCB8F934-0259-454E-B818-CDA5B28C510F}.Debug|Any CPU.Build.0 = Debug|Any CPU
		{DCB8F934-0259-454E-B818-CDA5B28C510F}.Release|Any CPU.ActiveCfg = Release|Any CPU
		{DCB8F934-0259-454E-B818-CDA5B28C510F}.Release|Any CPU.Build.0 = Release|Any CPU
		{70FE59B8-6D2C-4F2E-96C6-70A9577F76DE}.Debug|Any CPU.ActiveCfg = Debug|Any CPU
		{70FE59B8-6D2C-4F2E-96C6-70A9577F76DE}.Debug|Any CPU.Build.0 = Debug|Any CPU
		{70FE59B8-6D2C-4F2E-96C6-70A9577F76DE}.Release|Any CPU.ActiveCfg = Release|Any CPU
		{70FE59B8-6D2C-4F2E-96C6-70A9577F76DE}.Release|Any CPU.Build.0 = Release|Any CPU
		{401C2ABF-4DF6-409A-808D-A1262435D659}.Debug|Any CPU.ActiveCfg = Debug|Any CPU
		{401C2ABF-4DF6-409A-808D-A1262435D659}.Debug|Any CPU.Build.0 = Debug|Any CPU
		{401C2ABF-4DF6-409A-808D-A1262435D659}.Release|Any CPU.ActiveCfg = Release|Any CPU
		{401C2ABF-4DF6-409A-808D-A1262435D659}.Release|Any CPU.Build.0 = Release|Any CPU
		{B16718F6-14D3-48C3-AB7D-B2CA612F18A5}.Debug|Any CPU.ActiveCfg = Debug|Any CPU
		{B16718F6-14D3-48C3-AB7D-B2CA612F18A5}.Debug|Any CPU.Build.0 = Debug|Any CPU
		{B16718F6-14D3-48C3-AB7D-B2CA612F18A5}.Release|Any CPU.ActiveCfg = Release|Any CPU
		{B16718F6-14D3-48C3-AB7D-B2CA612F18A5}.Release|Any CPU.Build.0 = Release|Any CPU
		{C49B4DE8-4B16-4BC5-92FF-AA100B3CA272}.Debug|Any CPU.ActiveCfg = Debug|Any CPU
		{C49B4DE8-4B16-4BC5-92FF-AA100B3CA272}.Debug|Any CPU.Build.0 = Debug|Any CPU
		{C49B4DE8-4B16-4BC5-92FF-AA100B3CA272}.Release|Any CPU.ActiveCfg = Release|Any CPU
		{C49B4DE8-4B16-4BC5-92FF-AA100B3CA272}.Release|Any CPU.Build.0 = Release|Any CPU
		{0808F809-1470-4EDD-8C0B-ED241CCEE58D}.Debug|Any CPU.ActiveCfg = Debug|Any CPU
		{0808F809-1470-4EDD-8C0B-ED241CCEE58D}.Debug|Any CPU.Build.0 = Debug|Any CPU
		{0808F809-1470-4EDD-8C0B-ED241CCEE58D}.Release|Any CPU.ActiveCfg = Release|Any CPU
		{0808F809-1470-4EDD-8C0B-ED241CCEE58D}.Release|Any CPU.Build.0 = Release|Any CPU
		{709D3889-CB3D-44A6-BF40-83D396750EC2}.Debug|Any CPU.ActiveCfg = Debug|Any CPU
		{709D3889-CB3D-44A6-BF40-83D396750EC2}.Debug|Any CPU.Build.0 = Debug|Any CPU
		{709D3889-CB3D-44A6-BF40-83D396750EC2}.Release|Any CPU.ActiveCfg = Release|Any CPU
		{709D3889-CB3D-44A6-BF40-83D396750EC2}.Release|Any CPU.Build.0 = Release|Any CPU
		{4BEBBD3E-6514-4DB5-96DF-67F9BE2B90C7}.Debug|Any CPU.ActiveCfg = Debug|Any CPU
		{4BEBBD3E-6514-4DB5-96DF-67F9BE2B90C7}.Debug|Any CPU.Build.0 = Debug|Any CPU
		{4BEBBD3E-6514-4DB5-96DF-67F9BE2B90C7}.Release|Any CPU.ActiveCfg = Release|Any CPU
		{4BEBBD3E-6514-4DB5-96DF-67F9BE2B90C7}.Release|Any CPU.Build.0 = Release|Any CPU
		{F8C4E59C-21A0-48B0-8162-09389D678141}.Debug|Any CPU.ActiveCfg = Debug|Any CPU
		{F8C4E59C-21A0-48B0-8162-09389D678141}.Debug|Any CPU.Build.0 = Debug|Any CPU
		{F8C4E59C-21A0-48B0-8162-09389D678141}.Release|Any CPU.ActiveCfg = Release|Any CPU
		{F8C4E59C-21A0-48B0-8162-09389D678141}.Release|Any CPU.Build.0 = Release|Any CPU
		{CC24BC75-58BB-4F06-8533-54A7015D1970}.Debug|Any CPU.ActiveCfg = Debug|Any CPU
		{CC24BC75-58BB-4F06-8533-54A7015D1970}.Debug|Any CPU.Build.0 = Debug|Any CPU
		{CC24BC75-58BB-4F06-8533-54A7015D1970}.Release|Any CPU.ActiveCfg = Release|Any CPU
		{CC24BC75-58BB-4F06-8533-54A7015D1970}.Release|Any CPU.Build.0 = Release|Any CPU
		{A8A9BA87-FE81-428A-A9BF-4DEF30A7149B}.Debug|Any CPU.ActiveCfg = Debug|Any CPU
		{A8A9BA87-FE81-428A-A9BF-4DEF30A7149B}.Debug|Any CPU.Build.0 = Debug|Any CPU
		{A8A9BA87-FE81-428A-A9BF-4DEF30A7149B}.Release|Any CPU.ActiveCfg = Release|Any CPU
		{A8A9BA87-FE81-428A-A9BF-4DEF30A7149B}.Release|Any CPU.Build.0 = Release|Any CPU
		{050A7335-31E2-4E4C-9E1F-9F51BA92BE12}.Debug|Any CPU.ActiveCfg = Debug|Any CPU
		{050A7335-31E2-4E4C-9E1F-9F51BA92BE12}.Debug|Any CPU.Build.0 = Debug|Any CPU
		{050A7335-31E2-4E4C-9E1F-9F51BA92BE12}.Release|Any CPU.ActiveCfg = Release|Any CPU
		{050A7335-31E2-4E4C-9E1F-9F51BA92BE12}.Release|Any CPU.Build.0 = Release|Any CPU
		{DB88B9F0-F328-4800-AB8A-D528E3CCAA30}.Debug|Any CPU.ActiveCfg = Debug|Any CPU
		{DB88B9F0-F328-4800-AB8A-D528E3CCAA30}.Debug|Any CPU.Build.0 = Debug|Any CPU
		{DB88B9F0-F328-4800-AB8A-D528E3CCAA30}.Release|Any CPU.ActiveCfg = Release|Any CPU
		{DB88B9F0-F328-4800-AB8A-D528E3CCAA30}.Release|Any CPU.Build.0 = Release|Any CPU
		{49DE12E4-60B3-45CA-BDA8-E30D0B871124}.Debug|Any CPU.ActiveCfg = Debug|Any CPU
		{49DE12E4-60B3-45CA-BDA8-E30D0B871124}.Debug|Any CPU.Build.0 = Debug|Any CPU
		{49DE12E4-60B3-45CA-BDA8-E30D0B871124}.Release|Any CPU.ActiveCfg = Release|Any CPU
		{49DE12E4-60B3-45CA-BDA8-E30D0B871124}.Release|Any CPU.Build.0 = Release|Any CPU
		{B31F7451-C0D6-42B1-8FD6-5AEFB88D106C}.Debug|Any CPU.ActiveCfg = Debug|Any CPU
		{B31F7451-C0D6-42B1-8FD6-5AEFB88D106C}.Debug|Any CPU.Build.0 = Debug|Any CPU
		{B31F7451-C0D6-42B1-8FD6-5AEFB88D106C}.Release|Any CPU.ActiveCfg = Release|Any CPU
		{B31F7451-C0D6-42B1-8FD6-5AEFB88D106C}.Release|Any CPU.Build.0 = Release|Any CPU
		{F59E4A4A-A299-4704-A867-401E57914E24}.Debug|Any CPU.ActiveCfg = Debug|Any CPU
		{F59E4A4A-A299-4704-A867-401E57914E24}.Debug|Any CPU.Build.0 = Debug|Any CPU
		{F59E4A4A-A299-4704-A867-401E57914E24}.Release|Any CPU.ActiveCfg = Release|Any CPU
		{F59E4A4A-A299-4704-A867-401E57914E24}.Release|Any CPU.Build.0 = Release|Any CPU
		{6AA82444-3CD7-4DE1-8AE7-9C707C0401B5}.Debug|Any CPU.ActiveCfg = Debug|Any CPU
		{6AA82444-3CD7-4DE1-8AE7-9C707C0401B5}.Debug|Any CPU.Build.0 = Debug|Any CPU
		{6AA82444-3CD7-4DE1-8AE7-9C707C0401B5}.Release|Any CPU.ActiveCfg = Release|Any CPU
		{6AA82444-3CD7-4DE1-8AE7-9C707C0401B5}.Release|Any CPU.Build.0 = Release|Any CPU
		{69D8AAA4-DA0D-451E-8C23-E14F9ADB3E91}.Debug|Any CPU.ActiveCfg = Debug|Any CPU
		{69D8AAA4-DA0D-451E-8C23-E14F9ADB3E91}.Debug|Any CPU.Build.0 = Debug|Any CPU
		{69D8AAA4-DA0D-451E-8C23-E14F9ADB3E91}.Release|Any CPU.ActiveCfg = Release|Any CPU
		{69D8AAA4-DA0D-451E-8C23-E14F9ADB3E91}.Release|Any CPU.Build.0 = Release|Any CPU
		{A23EB197-2697-4047-AAAE-6FED08B3B767}.Debug|Any CPU.ActiveCfg = Debug|Any CPU
		{A23EB197-2697-4047-AAAE-6FED08B3B767}.Debug|Any CPU.Build.0 = Debug|Any CPU
		{A23EB197-2697-4047-AAAE-6FED08B3B767}.Release|Any CPU.ActiveCfg = Release|Any CPU
		{A23EB197-2697-4047-AAAE-6FED08B3B767}.Release|Any CPU.Build.0 = Release|Any CPU
		{5BFFAD54-8361-46FB-91CE-92671176ED26}.Debug|Any CPU.ActiveCfg = Debug|Any CPU
		{5BFFAD54-8361-46FB-91CE-92671176ED26}.Debug|Any CPU.Build.0 = Debug|Any CPU
		{5BFFAD54-8361-46FB-91CE-92671176ED26}.Release|Any CPU.ActiveCfg = Release|Any CPU
		{5BFFAD54-8361-46FB-91CE-92671176ED26}.Release|Any CPU.Build.0 = Release|Any CPU
	EndGlobalSection
	GlobalSection(SolutionProperties) = preSolution
		HideSolutionNode = FALSE
	EndGlobalSection
	GlobalSection(ExtensibilityGlobals) = postSolution
		SolutionGuid = {C75E82A8-E056-4617-BAEB-1693DAC16EFF}
	EndGlobalSection
EndGlobal
