
Microsoft Visual Studio Solution File, Format Version 12.00
# Visual Studio Version 16
VisualStudioVersion = 16.0.30804.86
MinimumVisualStudioVersion = 10.0.40219.1
Project("{9A19103F-16F7-4668-BE54-9A1E7A4F7556}") = "ConsoleApp1", "ConsoleApp1\ConsoleApp1.csproj", "{4C9192E5-2E75-4498-B454-49B246A582A5}"
EndProject
Project("{9A19103F-16F7-4668-BE54-9A1E7A4F7556}") = "ex01", "Chapter2-1\ex01.csproj", "{8DBFD642-1157-4EC9-B08D-865877CDAAB3}"
EndProject
Project("{9A19103F-16F7-4668-BE54-9A1E7A4F7556}") = "Ex02", "Ex02\Ex02.csproj", "{D24AF0A1-23D1-4465-8C88-0AA2AF52D6B1}"
EndProject
Project("{9A19103F-16F7-4668-BE54-9A1E7A4F7556}") = "ex03", "ex03\ex03.csproj", "{A25D9388-0046-4237-8A24-CBB82B8F7225}"
EndProject
Project("{9A19103F-16F7-4668-BE54-9A1E7A4F7556}") = "Ex01_ex", "Ex01_ex\Ex01_ex.csproj", "{17FC8A7F-4ADA-45B0-B4CA-01C5FC6199D2}"
EndProject
Project("{9A19103F-16F7-4668-BE54-9A1E7A4F7556}") = "WriteSample", "WriteSample\WriteSample.csproj", "{0A6E6090-287F-4935-BF08-FC503D55FEB4}"
EndProject
Project("{9A19103F-16F7-4668-BE54-9A1E7A4F7556}") = "ex04", "ex04\ex04.csproj", "{0B43A2A7-77CA-40EF-9C84-DB0BB2F85A67}"
EndProject
Project("{9A19103F-16F7-4668-BE54-9A1E7A4F7556}") = "ex04_ex", "ex04_ex\ex04_ex.csproj", "{AB5837EC-B944-4D17-BA80-A9A733A43497}"
EndProject
Project("{9A19103F-16F7-4668-BE54-9A1E7A4F7556}") = "ex05", "ex05\ex05.csproj", "{867DDE09-88E6-4A1F-8EE1-F9237AE7314B}"
EndProject
Project("{9A19103F-16F7-4668-BE54-9A1E7A4F7556}") = "ex07", "ex07\ex07.csproj", "{01D8D6AD-29C1-4DD1-BB54-CBDC55BBBCFA}"
EndProject
Project("{9A19103F-16F7-4668-BE54-9A1E7A4F7556}") = "ex5_ex2", "ex5_ex2\ex5_ex2.csproj", "{2FDB9F6E-39D6-4CEF-B59D-E183D5836572}"
EndProject
Project("{9A19103F-16F7-4668-BE54-9A1E7A4F7556}") = "ex5_ex3", "ex5_ex3\ex5_ex3.csproj", "{ABD5278C-6F6E-4FF0-B697-413A93737194}"
EndProject
Project("{9A19103F-16F7-4668-BE54-9A1E7A4F7556}") = "ex5_ex4", "ex5_ex4\ex5_ex4.csproj", "{8CAECD69-604E-4B93-8F9A-6DA80363CBC4}"
EndProject
Project("{9A19103F-16F7-4668-BE54-9A1E7A4F7556}") = "ex06", "ex06\ex06.csproj", "{F36A5DDB-8AC5-47A3-9DC3-DBA8FEBF897F}"
EndProject
Project("{9A19103F-16F7-4668-BE54-9A1E7A4F7556}") = "ex09", "ex09\ex09.csproj", "{5067EFB4-26C9-4D91-AD89-358C82C53BC9}"
EndProject
Project("{9A19103F-16F7-4668-BE54-9A1E7A4F7556}") = "ex08", "ex08\ex08.csproj", "{8B5DC046-D2E6-46B8-8314-AA128F3B7784}"
EndProject
Project("{9A19103F-16F7-4668-BE54-9A1E7A4F7556}") = "ex08_watanabe", "ex08_watanabe\ex08_watanabe.csproj", "{399610F0-7C1D-4BE0-9AF9-B154B91011C9}"
EndProject
Project("{9A19103F-16F7-4668-BE54-9A1E7A4F7556}") = "ex08_ex2", "ex08_ex2\ex08_ex2.csproj", "{B29C27D0-3AF1-4349-9455-26753B00F752}"
EndProject
Project("{9A19103F-16F7-4668-BE54-9A1E7A4F7556}") = "ex08_ex3", "ex08_ex3\ex08_ex3.csproj", "{FF42A79E-048E-43E5-887C-1CCCD4542413}"
EndProject
Project("{9A19103F-16F7-4668-BE54-9A1E7A4F7556}") = "ex08_ex4", "ex08_ex4\ex08_ex4.csproj", "{5A01E72D-1615-4038-B947-A7EB52C628F2}"
EndProject
Project("{9A19103F-16F7-4668-BE54-9A1E7A4F7556}") = "ex09_kurosu", "ex09_kurosu\ex09_kurosu.csproj", "{B9A18022-5BEE-40CA-A020-36488421DF94}"
EndProject
Project("{9A19103F-16F7-4668-BE54-9A1E7A4F7556}") = "ex09_iisawa", "ex09_iisawa\ex09_iisawa.csproj", "{1392B18B-EA4D-44D6-9118-AF74F70ED6C0}"
EndProject
Project("{9A19103F-16F7-4668-BE54-9A1E7A4F7556}") = "ex09_ex2", "ex09_ex2\ex09_ex2.csproj", "{1EFA3599-49A1-4E62-89CA-8F93DE57EBAE}"
EndProject
Project("{9A19103F-16F7-4668-BE54-9A1E7A4F7556}") = "ex09_ex3", "ex09_ex3\ex09_ex3.csproj", "{584638A0-334A-4F35-935F-46DE7E8D1310}"
EndProject
Project("{9A19103F-16F7-4668-BE54-9A1E7A4F7556}") = "ex09_ex4", "ex09_ex4\ex09_ex4.csproj", "{608A39EA-72AE-45A3-89B4-824BC660C9B4}"
EndProject
Project("{9A19103F-16F7-4668-BE54-9A1E7A4F7556}") = "ex09_ex5", "ex09_ex5\ex09_ex5.csproj", "{4EDF2485-FC11-488F-8A28-B9074A5A0FC4}"
EndProject
Project("{9A19103F-16F7-4668-BE54-9A1E7A4F7556}") = "LoopSampleDoWhile", "LoopSample\LoopSampleDoWhile.csproj", "{E875458D-E4BC-48A0-9391-CAD32534FFE2}"
EndProject
Project("{9A19103F-16F7-4668-BE54-9A1E7A4F7556}") = "LoopSampleWhile", "LoopSampleWhile\LoopSampleWhile.csproj", "{E4CC0320-08C6-4746-87E3-681E6F6B3436}"
EndProject
Project("{9A19103F-16F7-4668-BE54-9A1E7A4F7556}") = "LoopSasmpleFor", "LoopSasmpleFor\LoopSasmpleFor.csproj", "{54AFFEE2-A871-4519-9BFB-0BE3477B6592}"
EndProject
Project("{9A19103F-16F7-4668-BE54-9A1E7A4F7556}") = "LoopSampleWhileFor", "LoopSampleWhileFor\LoopSampleWhileFor.csproj", "{39C8F74C-9179-4670-8C58-EEC865EA163D}"
EndProject
Project("{9A19103F-16F7-4668-BE54-9A1E7A4F7556}") = "ex10", "ex10\ex10.csproj", "{736D69E2-4E93-415E-9BE2-82DB281B9433}"
EndProject
Project("{9A19103F-16F7-4668-BE54-9A1E7A4F7556}") = "For99", "For99\For99.csproj", "{99205DFC-8023-463C-A99F-9970BA6DF1C5}"
EndProject
Project("{FAE04EC0-301F-11D3-BF4B-00C04F79EFBC}") = "ex11_hint", "ex11_hint\ex11_hint.csproj", "{8E193803-82C2-45CE-9B2A-27649932721D}"
EndProject
Project("{FAE04EC0-301F-11D3-BF4B-00C04F79EFBC}") = "ex11", "ex11\ex11.csproj", "{AAC6EFB3-57CD-4BE0-8275-DD3CF7681F4B}"
EndProject
Global
	GlobalSection(SolutionConfigurationPlatforms) = preSolution
		Debug|Any CPU = Debug|Any CPU
		Release|Any CPU = Release|Any CPU
	EndGlobalSection
	GlobalSection(ProjectConfigurationPlatforms) = postSolution
		{4C9192E5-2E75-4498-B454-49B246A582A5}.Debug|Any CPU.ActiveCfg = Debug|Any CPU
		{4C9192E5-2E75-4498-B454-49B246A582A5}.Debug|Any CPU.Build.0 = Debug|Any CPU
		{4C9192E5-2E75-4498-B454-49B246A582A5}.Release|Any CPU.ActiveCfg = Release|Any CPU
		{4C9192E5-2E75-4498-B454-49B246A582A5}.Release|Any CPU.Build.0 = Release|Any CPU
		{8DBFD642-1157-4EC9-B08D-865877CDAAB3}.Debug|Any CPU.ActiveCfg = Debug|Any CPU
		{8DBFD642-1157-4EC9-B08D-865877CDAAB3}.Debug|Any CPU.Build.0 = Debug|Any CPU
		{8DBFD642-1157-4EC9-B08D-865877CDAAB3}.Release|Any CPU.ActiveCfg = Release|Any CPU
		{8DBFD642-1157-4EC9-B08D-865877CDAAB3}.Release|Any CPU.Build.0 = Release|Any CPU
		{D24AF0A1-23D1-4465-8C88-0AA2AF52D6B1}.Debug|Any CPU.ActiveCfg = Debug|Any CPU
		{D24AF0A1-23D1-4465-8C88-0AA2AF52D6B1}.Debug|Any CPU.Build.0 = Debug|Any CPU
		{D24AF0A1-23D1-4465-8C88-0AA2AF52D6B1}.Release|Any CPU.ActiveCfg = Release|Any CPU
		{D24AF0A1-23D1-4465-8C88-0AA2AF52D6B1}.Release|Any CPU.Build.0 = Release|Any CPU
		{A25D9388-0046-4237-8A24-CBB82B8F7225}.Debug|Any CPU.ActiveCfg = Debug|Any CPU
		{A25D9388-0046-4237-8A24-CBB82B8F7225}.Debug|Any CPU.Build.0 = Debug|Any CPU
		{A25D9388-0046-4237-8A24-CBB82B8F7225}.Release|Any CPU.ActiveCfg = Release|Any CPU
		{A25D9388-0046-4237-8A24-CBB82B8F7225}.Release|Any CPU.Build.0 = Release|Any CPU
		{17FC8A7F-4ADA-45B0-B4CA-01C5FC6199D2}.Debug|Any CPU.ActiveCfg = Debug|Any CPU
		{17FC8A7F-4ADA-45B0-B4CA-01C5FC6199D2}.Debug|Any CPU.Build.0 = Debug|Any CPU
		{17FC8A7F-4ADA-45B0-B4CA-01C5FC6199D2}.Release|Any CPU.ActiveCfg = Release|Any CPU
		{17FC8A7F-4ADA-45B0-B4CA-01C5FC6199D2}.Release|Any CPU.Build.0 = Release|Any CPU
		{0A6E6090-287F-4935-BF08-FC503D55FEB4}.Debug|Any CPU.ActiveCfg = Debug|Any CPU
		{0A6E6090-287F-4935-BF08-FC503D55FEB4}.Debug|Any CPU.Build.0 = Debug|Any CPU
		{0A6E6090-287F-4935-BF08-FC503D55FEB4}.Release|Any CPU.ActiveCfg = Release|Any CPU
		{0A6E6090-287F-4935-BF08-FC503D55FEB4}.Release|Any CPU.Build.0 = Release|Any CPU
		{0B43A2A7-77CA-40EF-9C84-DB0BB2F85A67}.Debug|Any CPU.ActiveCfg = Debug|Any CPU
		{0B43A2A7-77CA-40EF-9C84-DB0BB2F85A67}.Debug|Any CPU.Build.0 = Debug|Any CPU
		{0B43A2A7-77CA-40EF-9C84-DB0BB2F85A67}.Release|Any CPU.ActiveCfg = Release|Any CPU
		{0B43A2A7-77CA-40EF-9C84-DB0BB2F85A67}.Release|Any CPU.Build.0 = Release|Any CPU
		{AB5837EC-B944-4D17-BA80-A9A733A43497}.Debug|Any CPU.ActiveCfg = Debug|Any CPU
		{AB5837EC-B944-4D17-BA80-A9A733A43497}.Debug|Any CPU.Build.0 = Debug|Any CPU
		{AB5837EC-B944-4D17-BA80-A9A733A43497}.Release|Any CPU.ActiveCfg = Release|Any CPU
		{AB5837EC-B944-4D17-BA80-A9A733A43497}.Release|Any CPU.Build.0 = Release|Any CPU
		{867DDE09-88E6-4A1F-8EE1-F9237AE7314B}.Debug|Any CPU.ActiveCfg = Debug|Any CPU
		{867DDE09-88E6-4A1F-8EE1-F9237AE7314B}.Debug|Any CPU.Build.0 = Debug|Any CPU
		{867DDE09-88E6-4A1F-8EE1-F9237AE7314B}.Release|Any CPU.ActiveCfg = Release|Any CPU
		{867DDE09-88E6-4A1F-8EE1-F9237AE7314B}.Release|Any CPU.Build.0 = Release|Any CPU
		{01D8D6AD-29C1-4DD1-BB54-CBDC55BBBCFA}.Debug|Any CPU.ActiveCfg = Debug|Any CPU
		{01D8D6AD-29C1-4DD1-BB54-CBDC55BBBCFA}.Debug|Any CPU.Build.0 = Debug|Any CPU
		{01D8D6AD-29C1-4DD1-BB54-CBDC55BBBCFA}.Release|Any CPU.ActiveCfg = Release|Any CPU
		{01D8D6AD-29C1-4DD1-BB54-CBDC55BBBCFA}.Release|Any CPU.Build.0 = Release|Any CPU
		{2FDB9F6E-39D6-4CEF-B59D-E183D5836572}.Debug|Any CPU.ActiveCfg = Debug|Any CPU
		{2FDB9F6E-39D6-4CEF-B59D-E183D5836572}.Debug|Any CPU.Build.0 = Debug|Any CPU
		{2FDB9F6E-39D6-4CEF-B59D-E183D5836572}.Release|Any CPU.ActiveCfg = Release|Any CPU
		{2FDB9F6E-39D6-4CEF-B59D-E183D5836572}.Release|Any CPU.Build.0 = Release|Any CPU
		{ABD5278C-6F6E-4FF0-B697-413A93737194}.Debug|Any CPU.ActiveCfg = Debug|Any CPU
		{ABD5278C-6F6E-4FF0-B697-413A93737194}.Debug|Any CPU.Build.0 = Debug|Any CPU
		{ABD5278C-6F6E-4FF0-B697-413A93737194}.Release|Any CPU.ActiveCfg = Release|Any CPU
		{ABD5278C-6F6E-4FF0-B697-413A93737194}.Release|Any CPU.Build.0 = Release|Any CPU
		{8CAECD69-604E-4B93-8F9A-6DA80363CBC4}.Debug|Any CPU.ActiveCfg = Debug|Any CPU
		{8CAECD69-604E-4B93-8F9A-6DA80363CBC4}.Debug|Any CPU.Build.0 = Debug|Any CPU
		{8CAECD69-604E-4B93-8F9A-6DA80363CBC4}.Release|Any CPU.ActiveCfg = Release|Any CPU
		{8CAECD69-604E-4B93-8F9A-6DA80363CBC4}.Release|Any CPU.Build.0 = Release|Any CPU
		{F36A5DDB-8AC5-47A3-9DC3-DBA8FEBF897F}.Debug|Any CPU.ActiveCfg = Debug|Any CPU
		{F36A5DDB-8AC5-47A3-9DC3-DBA8FEBF897F}.Debug|Any CPU.Build.0 = Debug|Any CPU
		{F36A5DDB-8AC5-47A3-9DC3-DBA8FEBF897F}.Release|Any CPU.ActiveCfg = Release|Any CPU
		{F36A5DDB-8AC5-47A3-9DC3-DBA8FEBF897F}.Release|Any CPU.Build.0 = Release|Any CPU
		{5067EFB4-26C9-4D91-AD89-358C82C53BC9}.Debug|Any CPU.ActiveCfg = Debug|Any CPU
		{5067EFB4-26C9-4D91-AD89-358C82C53BC9}.Debug|Any CPU.Build.0 = Debug|Any CPU
		{5067EFB4-26C9-4D91-AD89-358C82C53BC9}.Release|Any CPU.ActiveCfg = Release|Any CPU
		{5067EFB4-26C9-4D91-AD89-358C82C53BC9}.Release|Any CPU.Build.0 = Release|Any CPU
		{8B5DC046-D2E6-46B8-8314-AA128F3B7784}.Debug|Any CPU.ActiveCfg = Debug|Any CPU
		{8B5DC046-D2E6-46B8-8314-AA128F3B7784}.Debug|Any CPU.Build.0 = Debug|Any CPU
		{8B5DC046-D2E6-46B8-8314-AA128F3B7784}.Release|Any CPU.ActiveCfg = Release|Any CPU
		{8B5DC046-D2E6-46B8-8314-AA128F3B7784}.Release|Any CPU.Build.0 = Release|Any CPU
		{399610F0-7C1D-4BE0-9AF9-B154B91011C9}.Debug|Any CPU.ActiveCfg = Debug|Any CPU
		{399610F0-7C1D-4BE0-9AF9-B154B91011C9}.Debug|Any CPU.Build.0 = Debug|Any CPU
		{399610F0-7C1D-4BE0-9AF9-B154B91011C9}.Release|Any CPU.ActiveCfg = Release|Any CPU
		{399610F0-7C1D-4BE0-9AF9-B154B91011C9}.Release|Any CPU.Build.0 = Release|Any CPU
		{B29C27D0-3AF1-4349-9455-26753B00F752}.Debug|Any CPU.ActiveCfg = Debug|Any CPU
		{B29C27D0-3AF1-4349-9455-26753B00F752}.Debug|Any CPU.Build.0 = Debug|Any CPU
		{B29C27D0-3AF1-4349-9455-26753B00F752}.Release|Any CPU.ActiveCfg = Release|Any CPU
		{B29C27D0-3AF1-4349-9455-26753B00F752}.Release|Any CPU.Build.0 = Release|Any CPU
		{FF42A79E-048E-43E5-887C-1CCCD4542413}.Debug|Any CPU.ActiveCfg = Debug|Any CPU
		{FF42A79E-048E-43E5-887C-1CCCD4542413}.Debug|Any CPU.Build.0 = Debug|Any CPU
		{FF42A79E-048E-43E5-887C-1CCCD4542413}.Release|Any CPU.ActiveCfg = Release|Any CPU
		{FF42A79E-048E-43E5-887C-1CCCD4542413}.Release|Any CPU.Build.0 = Release|Any CPU
		{5A01E72D-1615-4038-B947-A7EB52C628F2}.Debug|Any CPU.ActiveCfg = Debug|Any CPU
		{5A01E72D-1615-4038-B947-A7EB52C628F2}.Debug|Any CPU.Build.0 = Debug|Any CPU
		{5A01E72D-1615-4038-B947-A7EB52C628F2}.Release|Any CPU.ActiveCfg = Release|Any CPU
		{5A01E72D-1615-4038-B947-A7EB52C628F2}.Release|Any CPU.Build.0 = Release|Any CPU
		{B9A18022-5BEE-40CA-A020-36488421DF94}.Debug|Any CPU.ActiveCfg = Debug|Any CPU
		{B9A18022-5BEE-40CA-A020-36488421DF94}.Debug|Any CPU.Build.0 = Debug|Any CPU
		{B9A18022-5BEE-40CA-A020-36488421DF94}.Release|Any CPU.ActiveCfg = Release|Any CPU
		{B9A18022-5BEE-40CA-A020-36488421DF94}.Release|Any CPU.Build.0 = Release|Any CPU
		{1392B18B-EA4D-44D6-9118-AF74F70ED6C0}.Debug|Any CPU.ActiveCfg = Debug|Any CPU
		{1392B18B-EA4D-44D6-9118-AF74F70ED6C0}.Debug|Any CPU.Build.0 = Debug|Any CPU
		{1392B18B-EA4D-44D6-9118-AF74F70ED6C0}.Release|Any CPU.ActiveCfg = Release|Any CPU
		{1392B18B-EA4D-44D6-9118-AF74F70ED6C0}.Release|Any CPU.Build.0 = Release|Any CPU
		{1EFA3599-49A1-4E62-89CA-8F93DE57EBAE}.Debug|Any CPU.ActiveCfg = Debug|Any CPU
		{1EFA3599-49A1-4E62-89CA-8F93DE57EBAE}.Debug|Any CPU.Build.0 = Debug|Any CPU
		{1EFA3599-49A1-4E62-89CA-8F93DE57EBAE}.Release|Any CPU.ActiveCfg = Release|Any CPU
		{1EFA3599-49A1-4E62-89CA-8F93DE57EBAE}.Release|Any CPU.Build.0 = Release|Any CPU
		{584638A0-334A-4F35-935F-46DE7E8D1310}.Debug|Any CPU.ActiveCfg = Debug|Any CPU
		{584638A0-334A-4F35-935F-46DE7E8D1310}.Debug|Any CPU.Build.0 = Debug|Any CPU
		{584638A0-334A-4F35-935F-46DE7E8D1310}.Release|Any CPU.ActiveCfg = Release|Any CPU
		{584638A0-334A-4F35-935F-46DE7E8D1310}.Release|Any CPU.Build.0 = Release|Any CPU
		{608A39EA-72AE-45A3-89B4-824BC660C9B4}.Debug|Any CPU.ActiveCfg = Debug|Any CPU
		{608A39EA-72AE-45A3-89B4-824BC660C9B4}.Debug|Any CPU.Build.0 = Debug|Any CPU
		{608A39EA-72AE-45A3-89B4-824BC660C9B4}.Release|Any CPU.ActiveCfg = Release|Any CPU
		{608A39EA-72AE-45A3-89B4-824BC660C9B4}.Release|Any CPU.Build.0 = Release|Any CPU
		{4EDF2485-FC11-488F-8A28-B9074A5A0FC4}.Debug|Any CPU.ActiveCfg = Debug|Any CPU
		{4EDF2485-FC11-488F-8A28-B9074A5A0FC4}.Debug|Any CPU.Build.0 = Debug|Any CPU
		{4EDF2485-FC11-488F-8A28-B9074A5A0FC4}.Release|Any CPU.ActiveCfg = Release|Any CPU
		{4EDF2485-FC11-488F-8A28-B9074A5A0FC4}.Release|Any CPU.Build.0 = Release|Any CPU
		{E875458D-E4BC-48A0-9391-CAD32534FFE2}.Debug|Any CPU.ActiveCfg = Debug|Any CPU
		{E875458D-E4BC-48A0-9391-CAD32534FFE2}.Debug|Any CPU.Build.0 = Debug|Any CPU
		{E875458D-E4BC-48A0-9391-CAD32534FFE2}.Release|Any CPU.ActiveCfg = Release|Any CPU
		{E875458D-E4BC-48A0-9391-CAD32534FFE2}.Release|Any CPU.Build.0 = Release|Any CPU
		{E4CC0320-08C6-4746-87E3-681E6F6B3436}.Debug|Any CPU.ActiveCfg = Debug|Any CPU
		{E4CC0320-08C6-4746-87E3-681E6F6B3436}.Debug|Any CPU.Build.0 = Debug|Any CPU
		{E4CC0320-08C6-4746-87E3-681E6F6B3436}.Release|Any CPU.ActiveCfg = Release|Any CPU
		{E4CC0320-08C6-4746-87E3-681E6F6B3436}.Release|Any CPU.Build.0 = Release|Any CPU
		{54AFFEE2-A871-4519-9BFB-0BE3477B6592}.Debug|Any CPU.ActiveCfg = Debug|Any CPU
		{54AFFEE2-A871-4519-9BFB-0BE3477B6592}.Debug|Any CPU.Build.0 = Debug|Any CPU
		{54AFFEE2-A871-4519-9BFB-0BE3477B6592}.Release|Any CPU.ActiveCfg = Release|Any CPU
		{54AFFEE2-A871-4519-9BFB-0BE3477B6592}.Release|Any CPU.Build.0 = Release|Any CPU
		{39C8F74C-9179-4670-8C58-EEC865EA163D}.Debug|Any CPU.ActiveCfg = Debug|Any CPU
		{39C8F74C-9179-4670-8C58-EEC865EA163D}.Debug|Any CPU.Build.0 = Debug|Any CPU
		{39C8F74C-9179-4670-8C58-EEC865EA163D}.Release|Any CPU.ActiveCfg = Release|Any CPU
		{39C8F74C-9179-4670-8C58-EEC865EA163D}.Release|Any CPU.Build.0 = Release|Any CPU
		{736D69E2-4E93-415E-9BE2-82DB281B9433}.Debug|Any CPU.ActiveCfg = Debug|Any CPU
		{736D69E2-4E93-415E-9BE2-82DB281B9433}.Debug|Any CPU.Build.0 = Debug|Any CPU
		{736D69E2-4E93-415E-9BE2-82DB281B9433}.Release|Any CPU.ActiveCfg = Release|Any CPU
		{736D69E2-4E93-415E-9BE2-82DB281B9433}.Release|Any CPU.Build.0 = Release|Any CPU
		{99205DFC-8023-463C-A99F-9970BA6DF1C5}.Debug|Any CPU.ActiveCfg = Debug|Any CPU
		{99205DFC-8023-463C-A99F-9970BA6DF1C5}.Debug|Any CPU.Build.0 = Debug|Any CPU
		{99205DFC-8023-463C-A99F-9970BA6DF1C5}.Release|Any CPU.ActiveCfg = Release|Any CPU
		{99205DFC-8023-463C-A99F-9970BA6DF1C5}.Release|Any CPU.Build.0 = Release|Any CPU
		{8E193803-82C2-45CE-9B2A-27649932721D}.Debug|Any CPU.ActiveCfg = Debug|Any CPU
		{8E193803-82C2-45CE-9B2A-27649932721D}.Debug|Any CPU.Build.0 = Debug|Any CPU
		{8E193803-82C2-45CE-9B2A-27649932721D}.Release|Any CPU.ActiveCfg = Release|Any CPU
		{8E193803-82C2-45CE-9B2A-27649932721D}.Release|Any CPU.Build.0 = Release|Any CPU
		{AAC6EFB3-57CD-4BE0-8275-DD3CF7681F4B}.Debug|Any CPU.ActiveCfg = Debug|Any CPU
		{AAC6EFB3-57CD-4BE0-8275-DD3CF7681F4B}.Debug|Any CPU.Build.0 = Debug|Any CPU
		{AAC6EFB3-57CD-4BE0-8275-DD3CF7681F4B}.Release|Any CPU.ActiveCfg = Release|Any CPU
		{AAC6EFB3-57CD-4BE0-8275-DD3CF7681F4B}.Release|Any CPU.Build.0 = Release|Any CPU
	EndGlobalSection
	GlobalSection(SolutionProperties) = preSolution
		HideSolutionNode = FALSE
	EndGlobalSection
	GlobalSection(ExtensibilityGlobals) = postSolution
		SolutionGuid = {C75E82A8-E056-4617-BAEB-1693DAC16EFF}
	EndGlobalSection
EndGlobal
